// !$*UTF8*$!
{
	archiveVersion = 1;
	classes = {
	};
	objectVersion = 46;
	objects = {

/* Begin PBXBuildFile section */
		0407B8E3181F3F8C006DA601 /* 3g7.jpg in Resources */ = {isa = PBXBuildFile; fileRef = 0407B8D7181F3F8C006DA601 /* 3g7.jpg */; };
		0407B8E4181F3F8C006DA601 /* 3g7@2x.jpg in Resources */ = {isa = PBXBuildFile; fileRef = 0407B8D8181F3F8C006DA601 /* 3g7@2x.jpg */; };
		0407B8E5181F3F8C006DA601 /* 3g8.jpg in Resources */ = {isa = PBXBuildFile; fileRef = 0407B8D9181F3F8C006DA601 /* 3g8.jpg */; };
		0407B8E6181F3F8C006DA601 /* 3g8@2x.jpg in Resources */ = {isa = PBXBuildFile; fileRef = 0407B8DA181F3F8C006DA601 /* 3g8@2x.jpg */; };
		0407B8E7181F3F8C006DA601 /* 3g2.jpg in Resources */ = {isa = PBXBuildFile; fileRef = 0407B8DB181F3F8C006DA601 /* 3g2.jpg */; };
		0407B8E8181F3F8C006DA601 /* 3g2@2x.jpg in Resources */ = {isa = PBXBuildFile; fileRef = 0407B8DC181F3F8C006DA601 /* 3g2@2x.jpg */; };
		0407B8E9181F3F8C006DA601 /* 3g3.jpg in Resources */ = {isa = PBXBuildFile; fileRef = 0407B8DD181F3F8C006DA601 /* 3g3.jpg */; };
		0407B8EA181F3F8C006DA601 /* 3g3@2x.jpg in Resources */ = {isa = PBXBuildFile; fileRef = 0407B8DE181F3F8C006DA601 /* 3g3@2x.jpg */; };
		0407B8EB181F3F8C006DA601 /* 3g1.jpg in Resources */ = {isa = PBXBuildFile; fileRef = 0407B8DF181F3F8C006DA601 /* 3g1.jpg */; };
		0407B8EC181F3F8C006DA601 /* 3g1@2x.jpg in Resources */ = {isa = PBXBuildFile; fileRef = 0407B8E0181F3F8C006DA601 /* 3g1@2x.jpg */; };
		0407B8ED181F3F8C006DA601 /* 3g4.jpg in Resources */ = {isa = PBXBuildFile; fileRef = 0407B8E1181F3F8C006DA601 /* 3g4.jpg */; };
		0407B8EE181F3F8C006DA601 /* 3g4@2x.jpg in Resources */ = {isa = PBXBuildFile; fileRef = 0407B8E2181F3F8C006DA601 /* 3g4@2x.jpg */; };
		041957CF181A08CE000BB36B /* top_bg.png in Resources */ = {isa = PBXBuildFile; fileRef = 041957CD181A08CE000BB36B /* top_bg.png */; };
		041957D0181A08CE000BB36B /* top_bg@2x.png in Resources */ = {isa = PBXBuildFile; fileRef = 041957CE181A08CE000BB36B /* top_bg@2x.png */; };
		041957D3181A0BE5000BB36B /* icon_play.png in Resources */ = {isa = PBXBuildFile; fileRef = 041957D1181A0BE5000BB36B /* icon_play.png */; };
		041957D4181A0BE5000BB36B /* icon_play@2x.png in Resources */ = {isa = PBXBuildFile; fileRef = 041957D2181A0BE5000BB36B /* icon_play@2x.png */; };
		041957D7181A1FF0000BB36B /* toolbar_bg.png in Resources */ = {isa = PBXBuildFile; fileRef = 041957D5181A1FF0000BB36B /* toolbar_bg.png */; };
		041957D8181A1FF0000BB36B /* toolbar_bg@2x.png in Resources */ = {isa = PBXBuildFile; fileRef = 041957D6181A1FF0000BB36B /* toolbar_bg@2x.png */; };
		0478E836181B3FBD004BE502 /* 3gxt.xml in Resources */ = {isa = PBXBuildFile; fileRef = 0478E834181B3FBD004BE502 /* 3gxt.xml */; };
		0478E837181B3FBD004BE502 /* dcst.xml in Resources */ = {isa = PBXBuildFile; fileRef = 0478E835181B3FBD004BE502 /* dcst.xml */; };
		048DFBBD181AC42E0040E6DA /* tab_but_focus.png in Resources */ = {isa = PBXBuildFile; fileRef = 048DFBB9181AC42E0040E6DA /* tab_but_focus.png */; };
		048DFBBE181AC42E0040E6DA /* tab_but_normal.png in Resources */ = {isa = PBXBuildFile; fileRef = 048DFBBA181AC42E0040E6DA /* tab_but_normal.png */; };
		048DFBBF181AC42E0040E6DA /* tab_but_normal@2x.png in Resources */ = {isa = PBXBuildFile; fileRef = 048DFBBB181AC42E0040E6DA /* tab_but_normal@2x.png */; };
		048DFBC0181AC42E0040E6DA /* tab_but_focus@2x.png in Resources */ = {isa = PBXBuildFile; fileRef = 048DFBBC181AC42E0040E6DA /* tab_but_focus@2x.png */; };
		048DFBC3181ACB1A0040E6DA /* tablecell_bg.png in Resources */ = {isa = PBXBuildFile; fileRef = 048DFBC1181ACB1A0040E6DA /* tablecell_bg.png */; };
		048DFBC4181ACB1A0040E6DA /* tablecell_bg@2x.png in Resources */ = {isa = PBXBuildFile; fileRef = 048DFBC2181ACB1A0040E6DA /* tablecell_bg@2x.png */; };
		048DFBCA181AD7990040E6DA /* Table2Controller.m in Sources */ = {isa = PBXBuildFile; fileRef = 048DFBC9181AD7990040E6DA /* Table2Controller.m */; };
		048DFBCD181AD7CC0040E6DA /* Table2ViewCell.m in Sources */ = {isa = PBXBuildFile; fileRef = 048DFBCC181AD7CC0040E6DA /* Table2ViewCell.m */; };
		048DFBD4181ADB060040E6DA /* icon_strw.png in Resources */ = {isa = PBXBuildFile; fileRef = 048DFBCE181ADB060040E6DA /* icon_strw.png */; };
		048DFBD5181ADB060040E6DA /* icon_strw@2x.png in Resources */ = {isa = PBXBuildFile; fileRef = 048DFBCF181ADB060040E6DA /* icon_strw@2x.png */; };
		048DFBD6181ADB060040E6DA /* icon_stly.png in Resources */ = {isa = PBXBuildFile; fileRef = 048DFBD0181ADB060040E6DA /* icon_stly.png */; };
		048DFBD7181ADB060040E6DA /* icon_stly@2x.png in Resources */ = {isa = PBXBuildFile; fileRef = 048DFBD1181ADB060040E6DA /* icon_stly@2x.png */; };
		048DFBD8181ADB060040E6DA /* icon_msst.png in Resources */ = {isa = PBXBuildFile; fileRef = 048DFBD2181ADB060040E6DA /* icon_msst.png */; };
		048DFBD9181ADB060040E6DA /* icon_msst@2x.png in Resources */ = {isa = PBXBuildFile; fileRef = 048DFBD3181ADB060040E6DA /* icon_msst@2x.png */; };
		04911275181FE978002D90EC /* zbst.xml in Resources */ = {isa = PBXBuildFile; fileRef = 04911274181FE978002D90EC /* zbst.xml */; };
		0491127A181FEB82002D90EC /* zbst-sp.png in Resources */ = {isa = PBXBuildFile; fileRef = 04911276181FEB82002D90EC /* zbst-sp.png */; };
		0491127B181FEB82002D90EC /* zbst-sp@2x.png in Resources */ = {isa = PBXBuildFile; fileRef = 04911277181FEB82002D90EC /* zbst-sp@2x.png */; };
		0491127C181FEB82002D90EC /* zbst-bk.png in Resources */ = {isa = PBXBuildFile; fileRef = 04911278181FEB82002D90EC /* zbst-bk.png */; };
		0491127D181FEB82002D90EC /* zbst-bk@2x.png in Resources */ = {isa = PBXBuildFile; fileRef = 04911279181FEB82002D90EC /* zbst-bk@2x.png */; };
		049112B01820038C002D90EC /* VideoController.m in Sources */ = {isa = PBXBuildFile; fileRef = 049112AF1820038C002D90EC /* VideoController.m */; };
		049112B118201FFF002D90EC /* Localizable.strings in Resources */ = {isa = PBXBuildFile; fileRef = 049112B318201FFF002D90EC /* Localizable.strings */; };
		04A920B6181988A700B21752 /* t_text.png in Resources */ = {isa = PBXBuildFile; fileRef = 04A920B0181988A700B21752 /* t_text.png */; };
		04A920B7181988A700B21752 /* t_video.png in Resources */ = {isa = PBXBuildFile; fileRef = 04A920B1181988A700B21752 /* t_video.png */; };
		04A920B8181988A700B21752 /* t_pic.png in Resources */ = {isa = PBXBuildFile; fileRef = 04A920B2181988A700B21752 /* t_pic.png */; };
		04A920B9181988A700B21752 /* t_pic@2x.png in Resources */ = {isa = PBXBuildFile; fileRef = 04A920B3181988A700B21752 /* t_pic@2x.png */; };
		04A920BA181988A700B21752 /* t_text@2x.png in Resources */ = {isa = PBXBuildFile; fileRef = 04A920B4181988A700B21752 /* t_text@2x.png */; };
		04A920BB181988A700B21752 /* t_video@2x.png in Resources */ = {isa = PBXBuildFile; fileRef = 04A920B5181988A700B21752 /* t_video@2x.png */; };
		04C6602518191CAB007C1635 /* QuartzCore.framework in Frameworks */ = {isa = PBXBuildFile; fileRef = 04C6602418191CAB007C1635 /* QuartzCore.framework */; };
		04C660DF1819363A007C1635 /* NIActions.m in Sources */ = {isa = PBXBuildFile; fileRef = 04C660961819363A007C1635 /* NIActions.m */; };
		04C660E01819363A007C1635 /* NIButtonUtilities.m in Sources */ = {isa = PBXBuildFile; fileRef = 04C660981819363A007C1635 /* NIButtonUtilities.m */; };
		04C660E11819363A007C1635 /* NICommonMetrics.m in Sources */ = {isa = PBXBuildFile; fileRef = 04C6609A1819363A007C1635 /* NICommonMetrics.m */; };
		04C660E21819363A007C1635 /* NIDataStructures.m in Sources */ = {isa = PBXBuildFile; fileRef = 04C6609C1819363A007C1635 /* NIDataStructures.m */; };
		04C660E31819363A007C1635 /* NIDebuggingTools.m in Sources */ = {isa = PBXBuildFile; fileRef = 04C6609E1819363A007C1635 /* NIDebuggingTools.m */; };
		04C660E41819363A007C1635 /* NIDeviceOrientation.m in Sources */ = {isa = PBXBuildFile; fileRef = 04C660A01819363A007C1635 /* NIDeviceOrientation.m */; };
		04C660E51819363A007C1635 /* NIError.m in Sources */ = {isa = PBXBuildFile; fileRef = 04C660A21819363A007C1635 /* NIError.m */; };
		04C660E61819363A007C1635 /* NIFoundationMethods.m in Sources */ = {isa = PBXBuildFile; fileRef = 04C660A41819363A007C1635 /* NIFoundationMethods.m */; };
		04C660E71819363A007C1635 /* NIImageUtilities.m in Sources */ = {isa = PBXBuildFile; fileRef = 04C660A61819363A007C1635 /* NIImageUtilities.m */; };
		04C660E81819363A007C1635 /* NIInMemoryCache.m in Sources */ = {isa = PBXBuildFile; fileRef = 04C660A81819363A007C1635 /* NIInMemoryCache.m */; };
		04C660E91819363A007C1635 /* NIInvocationMethods.m in Sources */ = {isa = PBXBuildFile; fileRef = 04C660AA1819363A007C1635 /* NIInvocationMethods.m */; };
		04C660EA1819363A007C1635 /* NINavigationAppearance.m in Sources */ = {isa = PBXBuildFile; fileRef = 04C660AE1819363A007C1635 /* NINavigationAppearance.m */; };
		04C660EB1819363A007C1635 /* NINetworkActivity.m in Sources */ = {isa = PBXBuildFile; fileRef = 04C660B01819363A007C1635 /* NINetworkActivity.m */; };
		04C660EC1819363A007C1635 /* NINonEmptyCollectionTesting.m in Sources */ = {isa = PBXBuildFile; fileRef = 04C660B21819363A007C1635 /* NINonEmptyCollectionTesting.m */; };
		04C660ED1819363A007C1635 /* NINonRetainingCollections.m in Sources */ = {isa = PBXBuildFile; fileRef = 04C660B41819363A007C1635 /* NINonRetainingCollections.m */; };
		04C660EE1819363A007C1635 /* NIOperations.m in Sources */ = {isa = PBXBuildFile; fileRef = 04C660B71819363A007C1635 /* NIOperations.m */; };
		04C660EF1819363A007C1635 /* NIPaths.m in Sources */ = {isa = PBXBuildFile; fileRef = 04C660B91819363A007C1635 /* NIPaths.m */; };
		04C660F01819363A007C1635 /* NIRuntimeClassModifications.m in Sources */ = {isa = PBXBuildFile; fileRef = 04C660BC1819363A007C1635 /* NIRuntimeClassModifications.m */; };
		04C660F11819363A007C1635 /* NISDKAvailability.m in Sources */ = {isa = PBXBuildFile; fileRef = 04C660BE1819363A007C1635 /* NISDKAvailability.m */; };
		04C660F21819363A007C1635 /* NISnapshotRotation.m in Sources */ = {isa = PBXBuildFile; fileRef = 04C660C01819363A007C1635 /* NISnapshotRotation.m */; };
		04C660F31819363A007C1635 /* NIState.m in Sources */ = {isa = PBXBuildFile; fileRef = 04C660C21819363A007C1635 /* NIState.m */; };
		04C660F41819363A007C1635 /* NIViewRecycler.m in Sources */ = {isa = PBXBuildFile; fileRef = 04C660C41819363A007C1635 /* NIViewRecycler.m */; };
		04C660F51819363A007C1635 /* NSString+NimbusCore.m in Sources */ = {isa = PBXBuildFile; fileRef = 04C660C61819363A007C1635 /* NSString+NimbusCore.m */; };
		04C660F61819363A007C1635 /* NILauncherButtonView.m in Sources */ = {isa = PBXBuildFile; fileRef = 04C660C91819363A007C1635 /* NILauncherButtonView.m */; };
		04C660F71819363A007C1635 /* NILauncherPageView.m in Sources */ = {isa = PBXBuildFile; fileRef = 04C660CB1819363A007C1635 /* NILauncherPageView.m */; };
		04C660F81819363A007C1635 /* NILauncherView.m in Sources */ = {isa = PBXBuildFile; fileRef = 04C660CD1819363A007C1635 /* NILauncherView.m */; };
		04C660F91819363A007C1635 /* NILauncherViewController.m in Sources */ = {isa = PBXBuildFile; fileRef = 04C660CF1819363A007C1635 /* NILauncherViewController.m */; };
		04C660FA1819363A007C1635 /* NILauncherViewModel.m in Sources */ = {isa = PBXBuildFile; fileRef = 04C660D11819363A007C1635 /* NILauncherViewModel.m */; };
		04C660FB1819363A007C1635 /* NILauncherViewObject.m in Sources */ = {isa = PBXBuildFile; fileRef = 04C660D31819363A007C1635 /* NILauncherViewObject.m */; };
		04C660FC1819363A007C1635 /* NIPageView.m in Sources */ = {isa = PBXBuildFile; fileRef = 04C660D81819363A007C1635 /* NIPageView.m */; };
		04C660FD1819363A007C1635 /* NIPagingScrollView.m in Sources */ = {isa = PBXBuildFile; fileRef = 04C660DB1819363A007C1635 /* NIPagingScrollView.m */; };
		04C6610218194718007C1635 /* a.jpg in Resources */ = {isa = PBXBuildFile; fileRef = 04C660FE18194718007C1635 /* a.jpg */; };
		04C6610318194718007C1635 /* b.jpg in Resources */ = {isa = PBXBuildFile; fileRef = 04C660FF18194718007C1635 /* b.jpg */; };
		04C6610418194718007C1635 /* c.jpg in Resources */ = {isa = PBXBuildFile; fileRef = 04C6610018194718007C1635 /* c.jpg */; };
		04C6610518194718007C1635 /* d.jpg in Resources */ = {isa = PBXBuildFile; fileRef = 04C6610118194718007C1635 /* d.jpg */; };
		04C6613B181953AE007C1635 /* ibtn1.png in Resources */ = {isa = PBXBuildFile; fileRef = 04C66132181953AE007C1635 /* ibtn1.png */; };
		04C6613C181953AE007C1635 /* ibtn2.png in Resources */ = {isa = PBXBuildFile; fileRef = 04C66133181953AE007C1635 /* ibtn2.png */; };
		04C6613D181953AE007C1635 /* ibtn3.png in Resources */ = {isa = PBXBuildFile; fileRef = 04C66134181953AE007C1635 /* ibtn3.png */; };
		04C6613E181953AE007C1635 /* ibtn4.png in Resources */ = {isa = PBXBuildFile; fileRef = 04C66135181953AE007C1635 /* ibtn4.png */; };
		04C6613F181953AE007C1635 /* ibtn5.png in Resources */ = {isa = PBXBuildFile; fileRef = 04C66136181953AE007C1635 /* ibtn5.png */; };
		04C66140181953AE007C1635 /* ibtn6.png in Resources */ = {isa = PBXBuildFile; fileRef = 04C66137181953AE007C1635 /* ibtn6.png */; };
		04C66141181953AE007C1635 /* ibtn7.png in Resources */ = {isa = PBXBuildFile; fileRef = 04C66138181953AE007C1635 /* ibtn7.png */; };
		04C66142181953AE007C1635 /* ibtn8.png in Resources */ = {isa = PBXBuildFile; fileRef = 04C66139181953AE007C1635 /* ibtn8.png */; };
		04C66143181953AE007C1635 /* ibtn9.png in Resources */ = {isa = PBXBuildFile; fileRef = 04C6613A181953AE007C1635 /* ibtn9.png */; };
		04C6614D18195448007C1635 /* ibtn1@2x.png in Resources */ = {isa = PBXBuildFile; fileRef = 04C6614418195448007C1635 /* ibtn1@2x.png */; };
		04C6614E18195448007C1635 /* ibtn2@2x.png in Resources */ = {isa = PBXBuildFile; fileRef = 04C6614518195448007C1635 /* ibtn2@2x.png */; };
		04C6614F18195448007C1635 /* ibtn3@2x.png in Resources */ = {isa = PBXBuildFile; fileRef = 04C6614618195448007C1635 /* ibtn3@2x.png */; };
		04C6615018195448007C1635 /* ibtn4@2x.png in Resources */ = {isa = PBXBuildFile; fileRef = 04C6614718195448007C1635 /* ibtn4@2x.png */; };
		04C6615118195448007C1635 /* ibtn5@2x.png in Resources */ = {isa = PBXBuildFile; fileRef = 04C6614818195448007C1635 /* ibtn5@2x.png */; };
		04C6615218195448007C1635 /* ibtn6@2x.png in Resources */ = {isa = PBXBuildFile; fileRef = 04C6614918195448007C1635 /* ibtn6@2x.png */; };
		04C6615318195448007C1635 /* ibtn7@2x.png in Resources */ = {isa = PBXBuildFile; fileRef = 04C6614A18195448007C1635 /* ibtn7@2x.png */; };
		04C6615418195448007C1635 /* ibtn8@2x.png in Resources */ = {isa = PBXBuildFile; fileRef = 04C6614B18195448007C1635 /* ibtn8@2x.png */; };
		04C6615518195448007C1635 /* ibtn9@2x.png in Resources */ = {isa = PBXBuildFile; fileRef = 04C6614C18195448007C1635 /* ibtn9@2x.png */; };
		3B0FDED51807CEFE007B1C9D /* Foundation.framework in Frameworks */ = {isa = PBXBuildFile; fileRef = 3B0FDED41807CEFE007B1C9D /* Foundation.framework */; };
		3B0FDED71807CEFE007B1C9D /* CoreGraphics.framework in Frameworks */ = {isa = PBXBuildFile; fileRef = 3B0FDED61807CEFE007B1C9D /* CoreGraphics.framework */; };
		3B0FDED91807CEFE007B1C9D /* UIKit.framework in Frameworks */ = {isa = PBXBuildFile; fileRef = 3B0FDED81807CEFE007B1C9D /* UIKit.framework */; };
		3B0FDEDF1807CEFE007B1C9D /* InfoPlist.strings in Resources */ = {isa = PBXBuildFile; fileRef = 3B0FDEDD1807CEFE007B1C9D /* InfoPlist.strings */; };
		3B0FDEE11807CEFE007B1C9D /* main.m in Sources */ = {isa = PBXBuildFile; fileRef = 3B0FDEE01807CEFE007B1C9D /* main.m */; };
		3B0FDEE51807CEFE007B1C9D /* AppDelegate.m in Sources */ = {isa = PBXBuildFile; fileRef = 3B0FDEE41807CEFE007B1C9D /* AppDelegate.m */; };
		3B0FDEE71807CEFE007B1C9D /* Images.xcassets in Resources */ = {isa = PBXBuildFile; fileRef = 3B0FDEE61807CEFE007B1C9D /* Images.xcassets */; };
		3B0FDEEE1807CEFE007B1C9D /* XCTest.framework in Frameworks */ = {isa = PBXBuildFile; fileRef = 3B0FDEED1807CEFE007B1C9D /* XCTest.framework */; };
		3B0FDEEF1807CEFE007B1C9D /* Foundation.framework in Frameworks */ = {isa = PBXBuildFile; fileRef = 3B0FDED41807CEFE007B1C9D /* Foundation.framework */; };
		3B0FDEF01807CEFE007B1C9D /* UIKit.framework in Frameworks */ = {isa = PBXBuildFile; fileRef = 3B0FDED81807CEFE007B1C9D /* UIKit.framework */; };
		3B0FDEF81807CEFE007B1C9D /* InfoPlist.strings in Resources */ = {isa = PBXBuildFile; fileRef = 3B0FDEF61807CEFE007B1C9D /* InfoPlist.strings */; };
		3B0FDEFA1807CEFE007B1C9D /* ExquisiteSTTests.m in Sources */ = {isa = PBXBuildFile; fileRef = 3B0FDEF91807CEFE007B1C9D /* ExquisiteSTTests.m */; };
		3B1BA86F180D9ED700FEA10D /* placeholder.png in Resources */ = {isa = PBXBuildFile; fileRef = 3B1BA86E180D9ED700FEA10D /* placeholder.png */; };
		3B638FB4180EC30B00469062 /* TableController.m in Sources */ = {isa = PBXBuildFile; fileRef = 3B638FB3180EC30A00469062 /* TableController.m */; };
		3B638FB7180EC5C500469062 /* TableViewCell.m in Sources */ = {isa = PBXBuildFile; fileRef = 3B638FB6180EC5C500469062 /* TableViewCell.m */; };
		3B9C85D8180E706200D678DC /* MediaPlayer.framework in Frameworks */ = {isa = PBXBuildFile; fileRef = 3B9C85D7180E706200D678DC /* MediaPlayer.framework */; };
		3B9C85E1180E89D900D678DC /* MovieController.m in Sources */ = {isa = PBXBuildFile; fileRef = 3B9C85E0180E89D900D678DC /* MovieController.m */; };
		3B9D9123180975B00084F9DD /* BaseNavigationController.m in Sources */ = {isa = PBXBuildFile; fileRef = 3B9D911B180975B00084F9DD /* BaseNavigationController.m */; };
		3B9D9125180975B00084F9DD /* BaseTableViewController.m in Sources */ = {isa = PBXBuildFile; fileRef = 3B9D911F180975B00084F9DD /* BaseTableViewController.m */; };
		3B9D9126180975B00084F9DD /* BaseViewController.m in Sources */ = {isa = PBXBuildFile; fileRef = 3B9D9121180975B00084F9DD /* BaseViewController.m */; };
		3B9D91291809A69A0084F9DD /* HomeController.m in Sources */ = {isa = PBXBuildFile; fileRef = 3B9D91281809A69A0084F9DD /* HomeController.m */; };
		3B9D91321809B9330084F9DD /* WebController.m in Sources */ = {isa = PBXBuildFile; fileRef = 3B9D91311809B9330084F9DD /* WebController.m */; };
		3B9D9145180A68B80084F9DD /* BaseModel.m in Sources */ = {isa = PBXBuildFile; fileRef = 3B9D9144180A68B80084F9DD /* BaseModel.m */; };
		3B9D9148180A69CC0084F9DD /* News.m in Sources */ = {isa = PBXBuildFile; fileRef = 3B9D9147180A69CC0084F9DD /* News.m */; };
		3B9D9151180A739D0084F9DD /* ScrollPageView.m in Sources */ = {isa = PBXBuildFile; fileRef = 3B9D9150180A739D0084F9DD /* ScrollPageView.m */; };
		3B9D9154180AB0FC0084F9DD /* RESTfulEngine.m in Sources */ = {isa = PBXBuildFile; fileRef = 3B9D9153180AB0FC0084F9DD /* RESTfulEngine.m */; };
		3BB92B71180D9162007D0176 /* jzst.xml in Resources */ = {isa = PBXBuildFile; fileRef = 3BB92B67180D9162007D0176 /* jzst.xml */; };
		3BB92B73180D9162007D0176 /* slider.xml in Resources */ = {isa = PBXBuildFile; fileRef = 3BB92B69180D9162007D0176 /* slider.xml */; };
		3BBAB40B180C2D770088D1DB /* CollectionViewCell.m in Sources */ = {isa = PBXBuildFile; fileRef = 3BBAB40A180C2D770088D1DB /* CollectionViewCell.m */; };
		3BBAB411180C359B0088D1DB /* PSCollectionView.m in Sources */ = {isa = PBXBuildFile; fileRef = 3BBAB40E180C359B0088D1DB /* PSCollectionView.m */; };
		3BBAB412180C359B0088D1DB /* PSCollectionViewCell.m in Sources */ = {isa = PBXBuildFile; fileRef = 3BBAB410180C359B0088D1DB /* PSCollectionViewCell.m */; };
		3BBAB418180C48F50088D1DB /* CollectionController.m in Sources */ = {isa = PBXBuildFile; fileRef = 3BBAB417180C48F50088D1DB /* CollectionController.m */; };
		BAFD5A9ED1374A68BC989C05 /* libPods.a in Frameworks */ = {isa = PBXBuildFile; fileRef = AF07391AE37B403798E485DA /* libPods.a */; };
/* End PBXBuildFile section */

/* Begin PBXContainerItemProxy section */
		3B0FDEF11807CEFE007B1C9D /* PBXContainerItemProxy */ = {
			isa = PBXContainerItemProxy;
			containerPortal = 3B0FDEC91807CEFD007B1C9D /* Project object */;
			proxyType = 1;
			remoteGlobalIDString = 3B0FDED01807CEFD007B1C9D;
			remoteInfo = ExquisiteST;
		};
/* End PBXContainerItemProxy section */

/* Begin PBXFileReference section */
		0407B8D7181F3F8C006DA601 /* 3g7.jpg */ = {isa = PBXFileReference; lastKnownFileType = image.jpeg; path = 3g7.jpg; sourceTree = "<group>"; };
		0407B8D8181F3F8C006DA601 /* 3g7@2x.jpg */ = {isa = PBXFileReference; lastKnownFileType = image.jpeg; path = "3g7@2x.jpg"; sourceTree = "<group>"; };
		0407B8D9181F3F8C006DA601 /* 3g8.jpg */ = {isa = PBXFileReference; lastKnownFileType = image.jpeg; path = 3g8.jpg; sourceTree = "<group>"; };
		0407B8DA181F3F8C006DA601 /* 3g8@2x.jpg */ = {isa = PBXFileReference; lastKnownFileType = image.jpeg; path = "3g8@2x.jpg"; sourceTree = "<group>"; };
		0407B8DB181F3F8C006DA601 /* 3g2.jpg */ = {isa = PBXFileReference; lastKnownFileType = image.jpeg; path = 3g2.jpg; sourceTree = "<group>"; };
		0407B8DC181F3F8C006DA601 /* 3g2@2x.jpg */ = {isa = PBXFileReference; lastKnownFileType = image.jpeg; path = "3g2@2x.jpg"; sourceTree = "<group>"; };
		0407B8DD181F3F8C006DA601 /* 3g3.jpg */ = {isa = PBXFileReference; lastKnownFileType = image.jpeg; path = 3g3.jpg; sourceTree = "<group>"; };
		0407B8DE181F3F8C006DA601 /* 3g3@2x.jpg */ = {isa = PBXFileReference; lastKnownFileType = image.jpeg; path = "3g3@2x.jpg"; sourceTree = "<group>"; };
		0407B8DF181F3F8C006DA601 /* 3g1.jpg */ = {isa = PBXFileReference; lastKnownFileType = image.jpeg; path = 3g1.jpg; sourceTree = "<group>"; };
		0407B8E0181F3F8C006DA601 /* 3g1@2x.jpg */ = {isa = PBXFileReference; lastKnownFileType = image.jpeg; path = "3g1@2x.jpg"; sourceTree = "<group>"; };
		0407B8E1181F3F8C006DA601 /* 3g4.jpg */ = {isa = PBXFileReference; lastKnownFileType = image.jpeg; path = 3g4.jpg; sourceTree = "<group>"; };
		0407B8E2181F3F8C006DA601 /* 3g4@2x.jpg */ = {isa = PBXFileReference; lastKnownFileType = image.jpeg; path = "3g4@2x.jpg"; sourceTree = "<group>"; };
		041957CD181A08CE000BB36B /* top_bg.png */ = {isa = PBXFileReference; lastKnownFileType = image.png; path = top_bg.png; sourceTree = "<group>"; };
		041957CE181A08CE000BB36B /* top_bg@2x.png */ = {isa = PBXFileReference; lastKnownFileType = image.png; path = "top_bg@2x.png"; sourceTree = "<group>"; };
		041957D1181A0BE5000BB36B /* icon_play.png */ = {isa = PBXFileReference; lastKnownFileType = image.png; path = icon_play.png; sourceTree = "<group>"; };
		041957D2181A0BE5000BB36B /* icon_play@2x.png */ = {isa = PBXFileReference; lastKnownFileType = image.png; path = "icon_play@2x.png"; sourceTree = "<group>"; };
		041957D5181A1FF0000BB36B /* toolbar_bg.png */ = {isa = PBXFileReference; lastKnownFileType = image.png; path = toolbar_bg.png; sourceTree = "<group>"; };
		041957D6181A1FF0000BB36B /* toolbar_bg@2x.png */ = {isa = PBXFileReference; lastKnownFileType = image.png; path = "toolbar_bg@2x.png"; sourceTree = "<group>"; };
		0478E834181B3FBD004BE502 /* 3gxt.xml */ = {isa = PBXFileReference; fileEncoding = 4; lastKnownFileType = text.xml; path = 3gxt.xml; sourceTree = "<group>"; };
		0478E835181B3FBD004BE502 /* dcst.xml */ = {isa = PBXFileReference; fileEncoding = 4; lastKnownFileType = text.xml; path = dcst.xml; sourceTree = "<group>"; };
		048DFBB9181AC42E0040E6DA /* tab_but_focus.png */ = {isa = PBXFileReference; lastKnownFileType = image.png; path = tab_but_focus.png; sourceTree = "<group>"; };
		048DFBBA181AC42E0040E6DA /* tab_but_normal.png */ = {isa = PBXFileReference; lastKnownFileType = image.png; path = tab_but_normal.png; sourceTree = "<group>"; };
		048DFBBB181AC42E0040E6DA /* tab_but_normal@2x.png */ = {isa = PBXFileReference; lastKnownFileType = image.png; path = "tab_but_normal@2x.png"; sourceTree = "<group>"; };
		048DFBBC181AC42E0040E6DA /* tab_but_focus@2x.png */ = {isa = PBXFileReference; lastKnownFileType = image.png; path = "tab_but_focus@2x.png"; sourceTree = "<group>"; };
		048DFBC1181ACB1A0040E6DA /* tablecell_bg.png */ = {isa = PBXFileReference; lastKnownFileType = image.png; path = tablecell_bg.png; sourceTree = "<group>"; };
		048DFBC2181ACB1A0040E6DA /* tablecell_bg@2x.png */ = {isa = PBXFileReference; lastKnownFileType = image.png; path = "tablecell_bg@2x.png"; sourceTree = "<group>"; };
		048DFBC8181AD7990040E6DA /* Table2Controller.h */ = {isa = PBXFileReference; fileEncoding = 4; lastKnownFileType = sourcecode.c.h; path = Table2Controller.h; sourceTree = "<group>"; };
		048DFBC9181AD7990040E6DA /* Table2Controller.m */ = {isa = PBXFileReference; fileEncoding = 4; lastKnownFileType = sourcecode.c.objc; path = Table2Controller.m; sourceTree = "<group>"; };
		048DFBCB181AD7CC0040E6DA /* Table2ViewCell.h */ = {isa = PBXFileReference; fileEncoding = 4; lastKnownFileType = sourcecode.c.h; path = Table2ViewCell.h; sourceTree = "<group>"; };
		048DFBCC181AD7CC0040E6DA /* Table2ViewCell.m */ = {isa = PBXFileReference; fileEncoding = 4; lastKnownFileType = sourcecode.c.objc; path = Table2ViewCell.m; sourceTree = "<group>"; };
		048DFBCE181ADB060040E6DA /* icon_strw.png */ = {isa = PBXFileReference; lastKnownFileType = image.png; path = icon_strw.png; sourceTree = "<group>"; };
		048DFBCF181ADB060040E6DA /* icon_strw@2x.png */ = {isa = PBXFileReference; lastKnownFileType = image.png; path = "icon_strw@2x.png"; sourceTree = "<group>"; };
		048DFBD0181ADB060040E6DA /* icon_stly.png */ = {isa = PBXFileReference; lastKnownFileType = image.png; path = icon_stly.png; sourceTree = "<group>"; };
		048DFBD1181ADB060040E6DA /* icon_stly@2x.png */ = {isa = PBXFileReference; lastKnownFileType = image.png; path = "icon_stly@2x.png"; sourceTree = "<group>"; };
		048DFBD2181ADB060040E6DA /* icon_msst.png */ = {isa = PBXFileReference; lastKnownFileType = image.png; path = icon_msst.png; sourceTree = "<group>"; };
		048DFBD3181ADB060040E6DA /* icon_msst@2x.png */ = {isa = PBXFileReference; lastKnownFileType = image.png; path = "icon_msst@2x.png"; sourceTree = "<group>"; };
		04911274181FE978002D90EC /* zbst.xml */ = {isa = PBXFileReference; fileEncoding = 4; lastKnownFileType = text.xml; path = zbst.xml; sourceTree = "<group>"; };
		04911276181FEB82002D90EC /* zbst-sp.png */ = {isa = PBXFileReference; lastKnownFileType = image.png; path = "zbst-sp.png"; sourceTree = "<group>"; };
		04911277181FEB82002D90EC /* zbst-sp@2x.png */ = {isa = PBXFileReference; lastKnownFileType = image.png; path = "zbst-sp@2x.png"; sourceTree = "<group>"; };
		04911278181FEB82002D90EC /* zbst-bk.png */ = {isa = PBXFileReference; lastKnownFileType = image.png; path = "zbst-bk.png"; sourceTree = "<group>"; };
		04911279181FEB82002D90EC /* zbst-bk@2x.png */ = {isa = PBXFileReference; lastKnownFileType = image.png; path = "zbst-bk@2x.png"; sourceTree = "<group>"; };
		049112AE1820038C002D90EC /* VideoController.h */ = {isa = PBXFileReference; fileEncoding = 4; lastKnownFileType = sourcecode.c.h; path = VideoController.h; sourceTree = "<group>"; };
		049112AF1820038C002D90EC /* VideoController.m */ = {isa = PBXFileReference; fileEncoding = 4; lastKnownFileType = sourcecode.c.objc; path = VideoController.m; sourceTree = "<group>"; };
		049112B218201FFF002D90EC /* en */ = {isa = PBXFileReference; lastKnownFileType = text.plist.strings; name = en; path = en.lproj/Localizable.strings; sourceTree = "<group>"; };
		049112B41820928B002D90EC /* zh-Hans */ = {isa = PBXFileReference; lastKnownFileType = text.plist.strings; name = "zh-Hans"; path = "zh-Hans.lproj/InfoPlist.strings"; sourceTree = "<group>"; };
		049112B51820928B002D90EC /* zh-Hans */ = {isa = PBXFileReference; lastKnownFileType = text.plist.strings; name = "zh-Hans"; path = "zh-Hans.lproj/Localizable.strings"; sourceTree = "<group>"; };
		049112B61820928B002D90EC /* zh-Hans */ = {isa = PBXFileReference; lastKnownFileType = text.plist.strings; name = "zh-Hans"; path = "zh-Hans.lproj/InfoPlist.strings"; sourceTree = "<group>"; };
		04A920B0181988A700B21752 /* t_text.png */ = {isa = PBXFileReference; lastKnownFileType = image.png; path = t_text.png; sourceTree = "<group>"; };
		04A920B1181988A700B21752 /* t_video.png */ = {isa = PBXFileReference; lastKnownFileType = image.png; path = t_video.png; sourceTree = "<group>"; };
		04A920B2181988A700B21752 /* t_pic.png */ = {isa = PBXFileReference; lastKnownFileType = image.png; path = t_pic.png; sourceTree = "<group>"; };
		04A920B3181988A700B21752 /* t_pic@2x.png */ = {isa = PBXFileReference; lastKnownFileType = image.png; path = "t_pic@2x.png"; sourceTree = "<group>"; };
		04A920B4181988A700B21752 /* t_text@2x.png */ = {isa = PBXFileReference; lastKnownFileType = image.png; path = "t_text@2x.png"; sourceTree = "<group>"; };
		04A920B5181988A700B21752 /* t_video@2x.png */ = {isa = PBXFileReference; lastKnownFileType = image.png; path = "t_video@2x.png"; sourceTree = "<group>"; };
		04C6602418191CAB007C1635 /* QuartzCore.framework */ = {isa = PBXFileReference; lastKnownFileType = wrapper.framework; name = QuartzCore.framework; path = System/Library/Frameworks/QuartzCore.framework; sourceTree = SDKROOT; };
		04C660941819363A007C1635 /* NIActions+Subclassing.h */ = {isa = PBXFileReference; fileEncoding = 4; lastKnownFileType = sourcecode.c.h; path = "NIActions+Subclassing.h"; sourceTree = "<group>"; };
		04C660951819363A007C1635 /* NIActions.h */ = {isa = PBXFileReference; fileEncoding = 4; lastKnownFileType = sourcecode.c.h; path = NIActions.h; sourceTree = "<group>"; };
		04C660961819363A007C1635 /* NIActions.m */ = {isa = PBXFileReference; fileEncoding = 4; lastKnownFileType = sourcecode.c.objc; path = NIActions.m; sourceTree = "<group>"; };
		04C660971819363A007C1635 /* NIButtonUtilities.h */ = {isa = PBXFileReference; fileEncoding = 4; lastKnownFileType = sourcecode.c.h; path = NIButtonUtilities.h; sourceTree = "<group>"; };
		04C660981819363A007C1635 /* NIButtonUtilities.m */ = {isa = PBXFileReference; fileEncoding = 4; lastKnownFileType = sourcecode.c.objc; path = NIButtonUtilities.m; sourceTree = "<group>"; };
		04C660991819363A007C1635 /* NICommonMetrics.h */ = {isa = PBXFileReference; fileEncoding = 4; lastKnownFileType = sourcecode.c.h; path = NICommonMetrics.h; sourceTree = "<group>"; };
		04C6609A1819363A007C1635 /* NICommonMetrics.m */ = {isa = PBXFileReference; fileEncoding = 4; lastKnownFileType = sourcecode.c.objc; path = NICommonMetrics.m; sourceTree = "<group>"; };
		04C6609B1819363A007C1635 /* NIDataStructures.h */ = {isa = PBXFileReference; fileEncoding = 4; lastKnownFileType = sourcecode.c.h; path = NIDataStructures.h; sourceTree = "<group>"; };
		04C6609C1819363A007C1635 /* NIDataStructures.m */ = {isa = PBXFileReference; fileEncoding = 4; lastKnownFileType = sourcecode.c.objc; path = NIDataStructures.m; sourceTree = "<group>"; };
		04C6609D1819363A007C1635 /* NIDebuggingTools.h */ = {isa = PBXFileReference; fileEncoding = 4; lastKnownFileType = sourcecode.c.h; path = NIDebuggingTools.h; sourceTree = "<group>"; };
		04C6609E1819363A007C1635 /* NIDebuggingTools.m */ = {isa = PBXFileReference; fileEncoding = 4; lastKnownFileType = sourcecode.c.objc; path = NIDebuggingTools.m; sourceTree = "<group>"; };
		04C6609F1819363A007C1635 /* NIDeviceOrientation.h */ = {isa = PBXFileReference; fileEncoding = 4; lastKnownFileType = sourcecode.c.h; path = NIDeviceOrientation.h; sourceTree = "<group>"; };
		04C660A01819363A007C1635 /* NIDeviceOrientation.m */ = {isa = PBXFileReference; fileEncoding = 4; lastKnownFileType = sourcecode.c.objc; path = NIDeviceOrientation.m; sourceTree = "<group>"; };
		04C660A11819363A007C1635 /* NIError.h */ = {isa = PBXFileReference; fileEncoding = 4; lastKnownFileType = sourcecode.c.h; path = NIError.h; sourceTree = "<group>"; };
		04C660A21819363A007C1635 /* NIError.m */ = {isa = PBXFileReference; fileEncoding = 4; lastKnownFileType = sourcecode.c.objc; path = NIError.m; sourceTree = "<group>"; };
		04C660A31819363A007C1635 /* NIFoundationMethods.h */ = {isa = PBXFileReference; fileEncoding = 4; lastKnownFileType = sourcecode.c.h; path = NIFoundationMethods.h; sourceTree = "<group>"; };
		04C660A41819363A007C1635 /* NIFoundationMethods.m */ = {isa = PBXFileReference; fileEncoding = 4; lastKnownFileType = sourcecode.c.objc; path = NIFoundationMethods.m; sourceTree = "<group>"; };
		04C660A51819363A007C1635 /* NIImageUtilities.h */ = {isa = PBXFileReference; fileEncoding = 4; lastKnownFileType = sourcecode.c.h; path = NIImageUtilities.h; sourceTree = "<group>"; };
		04C660A61819363A007C1635 /* NIImageUtilities.m */ = {isa = PBXFileReference; fileEncoding = 4; lastKnownFileType = sourcecode.c.objc; path = NIImageUtilities.m; sourceTree = "<group>"; };
		04C660A71819363A007C1635 /* NIInMemoryCache.h */ = {isa = PBXFileReference; fileEncoding = 4; lastKnownFileType = sourcecode.c.h; path = NIInMemoryCache.h; sourceTree = "<group>"; };
		04C660A81819363A007C1635 /* NIInMemoryCache.m */ = {isa = PBXFileReference; fileEncoding = 4; lastKnownFileType = sourcecode.c.objc; path = NIInMemoryCache.m; sourceTree = "<group>"; };
		04C660A91819363A007C1635 /* NIInvocationMethods.h */ = {isa = PBXFileReference; fileEncoding = 4; lastKnownFileType = sourcecode.c.h; path = NIInvocationMethods.h; sourceTree = "<group>"; };
		04C660AA1819363A007C1635 /* NIInvocationMethods.m */ = {isa = PBXFileReference; fileEncoding = 4; lastKnownFileType = sourcecode.c.objc; path = NIInvocationMethods.m; sourceTree = "<group>"; };
		04C660AB1819363A007C1635 /* NimbusCore+Additions.h */ = {isa = PBXFileReference; fileEncoding = 4; lastKnownFileType = sourcecode.c.h; path = "NimbusCore+Additions.h"; sourceTree = "<group>"; };
		04C660AC1819363A007C1635 /* NimbusCore.h */ = {isa = PBXFileReference; fileEncoding = 4; lastKnownFileType = sourcecode.c.h; path = NimbusCore.h; sourceTree = "<group>"; };
		04C660AD1819363A007C1635 /* NINavigationAppearance.h */ = {isa = PBXFileReference; fileEncoding = 4; lastKnownFileType = sourcecode.c.h; path = NINavigationAppearance.h; sourceTree = "<group>"; };
		04C660AE1819363A007C1635 /* NINavigationAppearance.m */ = {isa = PBXFileReference; fileEncoding = 4; lastKnownFileType = sourcecode.c.objc; path = NINavigationAppearance.m; sourceTree = "<group>"; };
		04C660AF1819363A007C1635 /* NINetworkActivity.h */ = {isa = PBXFileReference; fileEncoding = 4; lastKnownFileType = sourcecode.c.h; path = NINetworkActivity.h; sourceTree = "<group>"; };
		04C660B01819363A007C1635 /* NINetworkActivity.m */ = {isa = PBXFileReference; fileEncoding = 4; lastKnownFileType = sourcecode.c.objc; path = NINetworkActivity.m; sourceTree = "<group>"; };
		04C660B11819363A007C1635 /* NINonEmptyCollectionTesting.h */ = {isa = PBXFileReference; fileEncoding = 4; lastKnownFileType = sourcecode.c.h; path = NINonEmptyCollectionTesting.h; sourceTree = "<group>"; };
		04C660B21819363A007C1635 /* NINonEmptyCollectionTesting.m */ = {isa = PBXFileReference; fileEncoding = 4; lastKnownFileType = sourcecode.c.objc; path = NINonEmptyCollectionTesting.m; sourceTree = "<group>"; };
		04C660B31819363A007C1635 /* NINonRetainingCollections.h */ = {isa = PBXFileReference; fileEncoding = 4; lastKnownFileType = sourcecode.c.h; path = NINonRetainingCollections.h; sourceTree = "<group>"; };
		04C660B41819363A007C1635 /* NINonRetainingCollections.m */ = {isa = PBXFileReference; fileEncoding = 4; lastKnownFileType = sourcecode.c.objc; path = NINonRetainingCollections.m; sourceTree = "<group>"; };
		04C660B51819363A007C1635 /* NIOperations+Subclassing.h */ = {isa = PBXFileReference; fileEncoding = 4; lastKnownFileType = sourcecode.c.h; path = "NIOperations+Subclassing.h"; sourceTree = "<group>"; };
		04C660B61819363A007C1635 /* NIOperations.h */ = {isa = PBXFileReference; fileEncoding = 4; lastKnownFileType = sourcecode.c.h; path = NIOperations.h; sourceTree = "<group>"; };
		04C660B71819363A007C1635 /* NIOperations.m */ = {isa = PBXFileReference; fileEncoding = 4; lastKnownFileType = sourcecode.c.objc; path = NIOperations.m; sourceTree = "<group>"; };
		04C660B81819363A007C1635 /* NIPaths.h */ = {isa = PBXFileReference; fileEncoding = 4; lastKnownFileType = sourcecode.c.h; path = NIPaths.h; sourceTree = "<group>"; };
		04C660B91819363A007C1635 /* NIPaths.m */ = {isa = PBXFileReference; fileEncoding = 4; lastKnownFileType = sourcecode.c.objc; path = NIPaths.m; sourceTree = "<group>"; };
		04C660BA1819363A007C1635 /* NIPreprocessorMacros.h */ = {isa = PBXFileReference; fileEncoding = 4; lastKnownFileType = sourcecode.c.h; path = NIPreprocessorMacros.h; sourceTree = "<group>"; };
		04C660BB1819363A007C1635 /* NIRuntimeClassModifications.h */ = {isa = PBXFileReference; fileEncoding = 4; lastKnownFileType = sourcecode.c.h; path = NIRuntimeClassModifications.h; sourceTree = "<group>"; };
		04C660BC1819363A007C1635 /* NIRuntimeClassModifications.m */ = {isa = PBXFileReference; fileEncoding = 4; lastKnownFileType = sourcecode.c.objc; path = NIRuntimeClassModifications.m; sourceTree = "<group>"; };
		04C660BD1819363A007C1635 /* NISDKAvailability.h */ = {isa = PBXFileReference; fileEncoding = 4; lastKnownFileType = sourcecode.c.h; path = NISDKAvailability.h; sourceTree = "<group>"; };
		04C660BE1819363A007C1635 /* NISDKAvailability.m */ = {isa = PBXFileReference; fileEncoding = 4; lastKnownFileType = sourcecode.c.objc; path = NISDKAvailability.m; sourceTree = "<group>"; };
		04C660BF1819363A007C1635 /* NISnapshotRotation.h */ = {isa = PBXFileReference; fileEncoding = 4; lastKnownFileType = sourcecode.c.h; path = NISnapshotRotation.h; sourceTree = "<group>"; };
		04C660C01819363A007C1635 /* NISnapshotRotation.m */ = {isa = PBXFileReference; fileEncoding = 4; lastKnownFileType = sourcecode.c.objc; path = NISnapshotRotation.m; sourceTree = "<group>"; };
		04C660C11819363A007C1635 /* NIState.h */ = {isa = PBXFileReference; fileEncoding = 4; lastKnownFileType = sourcecode.c.h; path = NIState.h; sourceTree = "<group>"; };
		04C660C21819363A007C1635 /* NIState.m */ = {isa = PBXFileReference; fileEncoding = 4; lastKnownFileType = sourcecode.c.objc; path = NIState.m; sourceTree = "<group>"; };
		04C660C31819363A007C1635 /* NIViewRecycler.h */ = {isa = PBXFileReference; fileEncoding = 4; lastKnownFileType = sourcecode.c.h; path = NIViewRecycler.h; sourceTree = "<group>"; };
		04C660C41819363A007C1635 /* NIViewRecycler.m */ = {isa = PBXFileReference; fileEncoding = 4; lastKnownFileType = sourcecode.c.objc; path = NIViewRecycler.m; sourceTree = "<group>"; };
		04C660C51819363A007C1635 /* NSString+NimbusCore.h */ = {isa = PBXFileReference; fileEncoding = 4; lastKnownFileType = sourcecode.c.h; path = "NSString+NimbusCore.h"; sourceTree = "<group>"; };
		04C660C61819363A007C1635 /* NSString+NimbusCore.m */ = {isa = PBXFileReference; fileEncoding = 4; lastKnownFileType = sourcecode.c.objc; path = "NSString+NimbusCore.m"; sourceTree = "<group>"; };
		04C660C81819363A007C1635 /* NILauncherButtonView.h */ = {isa = PBXFileReference; fileEncoding = 4; lastKnownFileType = sourcecode.c.h; path = NILauncherButtonView.h; sourceTree = "<group>"; };
		04C660C91819363A007C1635 /* NILauncherButtonView.m */ = {isa = PBXFileReference; fileEncoding = 4; lastKnownFileType = sourcecode.c.objc; path = NILauncherButtonView.m; sourceTree = "<group>"; };
		04C660CA1819363A007C1635 /* NILauncherPageView.h */ = {isa = PBXFileReference; fileEncoding = 4; lastKnownFileType = sourcecode.c.h; path = NILauncherPageView.h; sourceTree = "<group>"; };
		04C660CB1819363A007C1635 /* NILauncherPageView.m */ = {isa = PBXFileReference; fileEncoding = 4; lastKnownFileType = sourcecode.c.objc; path = NILauncherPageView.m; sourceTree = "<group>"; };
		04C660CC1819363A007C1635 /* NILauncherView.h */ = {isa = PBXFileReference; fileEncoding = 4; lastKnownFileType = sourcecode.c.h; path = NILauncherView.h; sourceTree = "<group>"; };
		04C660CD1819363A007C1635 /* NILauncherView.m */ = {isa = PBXFileReference; fileEncoding = 4; lastKnownFileType = sourcecode.c.objc; path = NILauncherView.m; sourceTree = "<group>"; };
		04C660CE1819363A007C1635 /* NILauncherViewController.h */ = {isa = PBXFileReference; fileEncoding = 4; lastKnownFileType = sourcecode.c.h; path = NILauncherViewController.h; sourceTree = "<group>"; };
		04C660CF1819363A007C1635 /* NILauncherViewController.m */ = {isa = PBXFileReference; fileEncoding = 4; lastKnownFileType = sourcecode.c.objc; path = NILauncherViewController.m; sourceTree = "<group>"; };
		04C660D01819363A007C1635 /* NILauncherViewModel.h */ = {isa = PBXFileReference; fileEncoding = 4; lastKnownFileType = sourcecode.c.h; path = NILauncherViewModel.h; sourceTree = "<group>"; };
		04C660D11819363A007C1635 /* NILauncherViewModel.m */ = {isa = PBXFileReference; fileEncoding = 4; lastKnownFileType = sourcecode.c.objc; path = NILauncherViewModel.m; sourceTree = "<group>"; };
		04C660D21819363A007C1635 /* NILauncherViewObject.h */ = {isa = PBXFileReference; fileEncoding = 4; lastKnownFileType = sourcecode.c.h; path = NILauncherViewObject.h; sourceTree = "<group>"; };
		04C660D31819363A007C1635 /* NILauncherViewObject.m */ = {isa = PBXFileReference; fileEncoding = 4; lastKnownFileType = sourcecode.c.objc; path = NILauncherViewObject.m; sourceTree = "<group>"; };
		04C660D41819363A007C1635 /* NimbusLauncher.h */ = {isa = PBXFileReference; fileEncoding = 4; lastKnownFileType = sourcecode.c.h; path = NimbusLauncher.h; sourceTree = "<group>"; };
		04C660D61819363A007C1635 /* NimbusPagingScrollView.h */ = {isa = PBXFileReference; fileEncoding = 4; lastKnownFileType = sourcecode.c.h; path = NimbusPagingScrollView.h; sourceTree = "<group>"; };
		04C660D71819363A007C1635 /* NIPageView.h */ = {isa = PBXFileReference; fileEncoding = 4; lastKnownFileType = sourcecode.c.h; path = NIPageView.h; sourceTree = "<group>"; };
		04C660D81819363A007C1635 /* NIPageView.m */ = {isa = PBXFileReference; fileEncoding = 4; lastKnownFileType = sourcecode.c.objc; path = NIPageView.m; sourceTree = "<group>"; };
		04C660D91819363A007C1635 /* NIPagingScrollView+Subclassing.h */ = {isa = PBXFileReference; fileEncoding = 4; lastKnownFileType = sourcecode.c.h; path = "NIPagingScrollView+Subclassing.h"; sourceTree = "<group>"; };
		04C660DA1819363A007C1635 /* NIPagingScrollView.h */ = {isa = PBXFileReference; fileEncoding = 4; lastKnownFileType = sourcecode.c.h; path = NIPagingScrollView.h; sourceTree = "<group>"; };
		04C660DB1819363A007C1635 /* NIPagingScrollView.m */ = {isa = PBXFileReference; fileEncoding = 4; lastKnownFileType = sourcecode.c.objc; path = NIPagingScrollView.m; sourceTree = "<group>"; };
		04C660DC1819363A007C1635 /* NIPagingScrollViewDataSource.h */ = {isa = PBXFileReference; fileEncoding = 4; lastKnownFileType = sourcecode.c.h; path = NIPagingScrollViewDataSource.h; sourceTree = "<group>"; };
		04C660DD1819363A007C1635 /* NIPagingScrollViewDelegate.h */ = {isa = PBXFileReference; fileEncoding = 4; lastKnownFileType = sourcecode.c.h; path = NIPagingScrollViewDelegate.h; sourceTree = "<group>"; };
		04C660DE1819363A007C1635 /* NIPagingScrollViewPage.h */ = {isa = PBXFileReference; fileEncoding = 4; lastKnownFileType = sourcecode.c.h; path = NIPagingScrollViewPage.h; sourceTree = "<group>"; };
		04C660FE18194718007C1635 /* a.jpg */ = {isa = PBXFileReference; lastKnownFileType = image.jpeg; path = a.jpg; sourceTree = "<group>"; };
		04C660FF18194718007C1635 /* b.jpg */ = {isa = PBXFileReference; lastKnownFileType = image.jpeg; path = b.jpg; sourceTree = "<group>"; };
		04C6610018194718007C1635 /* c.jpg */ = {isa = PBXFileReference; lastKnownFileType = image.jpeg; path = c.jpg; sourceTree = "<group>"; };
		04C6610118194718007C1635 /* d.jpg */ = {isa = PBXFileReference; lastKnownFileType = image.jpeg; path = d.jpg; sourceTree = "<group>"; };
		04C66132181953AE007C1635 /* ibtn1.png */ = {isa = PBXFileReference; lastKnownFileType = image.png; path = ibtn1.png; sourceTree = "<group>"; };
		04C66133181953AE007C1635 /* ibtn2.png */ = {isa = PBXFileReference; lastKnownFileType = image.png; path = ibtn2.png; sourceTree = "<group>"; };
		04C66134181953AE007C1635 /* ibtn3.png */ = {isa = PBXFileReference; lastKnownFileType = image.png; path = ibtn3.png; sourceTree = "<group>"; };
		04C66135181953AE007C1635 /* ibtn4.png */ = {isa = PBXFileReference; lastKnownFileType = image.png; path = ibtn4.png; sourceTree = "<group>"; };
		04C66136181953AE007C1635 /* ibtn5.png */ = {isa = PBXFileReference; lastKnownFileType = image.png; path = ibtn5.png; sourceTree = "<group>"; };
		04C66137181953AE007C1635 /* ibtn6.png */ = {isa = PBXFileReference; lastKnownFileType = image.png; path = ibtn6.png; sourceTree = "<group>"; };
		04C66138181953AE007C1635 /* ibtn7.png */ = {isa = PBXFileReference; lastKnownFileType = image.png; path = ibtn7.png; sourceTree = "<group>"; };
		04C66139181953AE007C1635 /* ibtn8.png */ = {isa = PBXFileReference; lastKnownFileType = image.png; path = ibtn8.png; sourceTree = "<group>"; };
		04C6613A181953AE007C1635 /* ibtn9.png */ = {isa = PBXFileReference; lastKnownFileType = image.png; path = ibtn9.png; sourceTree = "<group>"; };
		04C6614418195448007C1635 /* ibtn1@2x.png */ = {isa = PBXFileReference; lastKnownFileType = image.png; path = "ibtn1@2x.png"; sourceTree = "<group>"; };
		04C6614518195448007C1635 /* ibtn2@2x.png */ = {isa = PBXFileReference; lastKnownFileType = image.png; path = "ibtn2@2x.png"; sourceTree = "<group>"; };
		04C6614618195448007C1635 /* ibtn3@2x.png */ = {isa = PBXFileReference; lastKnownFileType = image.png; path = "ibtn3@2x.png"; sourceTree = "<group>"; };
		04C6614718195448007C1635 /* ibtn4@2x.png */ = {isa = PBXFileReference; lastKnownFileType = image.png; path = "ibtn4@2x.png"; sourceTree = "<group>"; };
		04C6614818195448007C1635 /* ibtn5@2x.png */ = {isa = PBXFileReference; lastKnownFileType = image.png; path = "ibtn5@2x.png"; sourceTree = "<group>"; };
		04C6614918195448007C1635 /* ibtn6@2x.png */ = {isa = PBXFileReference; lastKnownFileType = image.png; path = "ibtn6@2x.png"; sourceTree = "<group>"; };
		04C6614A18195448007C1635 /* ibtn7@2x.png */ = {isa = PBXFileReference; lastKnownFileType = image.png; path = "ibtn7@2x.png"; sourceTree = "<group>"; };
		04C6614B18195448007C1635 /* ibtn8@2x.png */ = {isa = PBXFileReference; lastKnownFileType = image.png; path = "ibtn8@2x.png"; sourceTree = "<group>"; };
		04C6614C18195448007C1635 /* ibtn9@2x.png */ = {isa = PBXFileReference; lastKnownFileType = image.png; path = "ibtn9@2x.png"; sourceTree = "<group>"; };
		3B0FDED11807CEFD007B1C9D /* ExquisiteST.app */ = {isa = PBXFileReference; explicitFileType = wrapper.application; includeInIndex = 0; path = ExquisiteST.app; sourceTree = BUILT_PRODUCTS_DIR; };
		3B0FDED41807CEFE007B1C9D /* Foundation.framework */ = {isa = PBXFileReference; lastKnownFileType = wrapper.framework; name = Foundation.framework; path = System/Library/Frameworks/Foundation.framework; sourceTree = SDKROOT; };
		3B0FDED61807CEFE007B1C9D /* CoreGraphics.framework */ = {isa = PBXFileReference; lastKnownFileType = wrapper.framework; name = CoreGraphics.framework; path = System/Library/Frameworks/CoreGraphics.framework; sourceTree = SDKROOT; };
		3B0FDED81807CEFE007B1C9D /* UIKit.framework */ = {isa = PBXFileReference; lastKnownFileType = wrapper.framework; name = UIKit.framework; path = System/Library/Frameworks/UIKit.framework; sourceTree = SDKROOT; };
		3B0FDEDC1807CEFE007B1C9D /* ExquisiteST-Info.plist */ = {isa = PBXFileReference; lastKnownFileType = text.plist.xml; path = "ExquisiteST-Info.plist"; sourceTree = "<group>"; };
		3B0FDEDE1807CEFE007B1C9D /* en */ = {isa = PBXFileReference; lastKnownFileType = text.plist.strings; name = en; path = en.lproj/InfoPlist.strings; sourceTree = "<group>"; };
		3B0FDEE01807CEFE007B1C9D /* main.m */ = {isa = PBXFileReference; lastKnownFileType = sourcecode.c.objc; path = main.m; sourceTree = "<group>"; };
		3B0FDEE21807CEFE007B1C9D /* ExquisiteST-Prefix.pch */ = {isa = PBXFileReference; lastKnownFileType = sourcecode.c.h; path = "ExquisiteST-Prefix.pch"; sourceTree = "<group>"; };
		3B0FDEE31807CEFE007B1C9D /* AppDelegate.h */ = {isa = PBXFileReference; lastKnownFileType = sourcecode.c.h; path = AppDelegate.h; sourceTree = "<group>"; };
		3B0FDEE41807CEFE007B1C9D /* AppDelegate.m */ = {isa = PBXFileReference; lastKnownFileType = sourcecode.c.objc; path = AppDelegate.m; sourceTree = "<group>"; };
		3B0FDEE61807CEFE007B1C9D /* Images.xcassets */ = {isa = PBXFileReference; lastKnownFileType = folder.assetcatalog; path = Images.xcassets; sourceTree = "<group>"; };
		3B0FDEEC1807CEFE007B1C9D /* ExquisiteSTTests.xctest */ = {isa = PBXFileReference; explicitFileType = wrapper.cfbundle; includeInIndex = 0; path = ExquisiteSTTests.xctest; sourceTree = BUILT_PRODUCTS_DIR; };
		3B0FDEED1807CEFE007B1C9D /* XCTest.framework */ = {isa = PBXFileReference; lastKnownFileType = wrapper.framework; name = XCTest.framework; path = Library/Frameworks/XCTest.framework; sourceTree = DEVELOPER_DIR; };
		3B0FDEF51807CEFE007B1C9D /* ExquisiteSTTests-Info.plist */ = {isa = PBXFileReference; lastKnownFileType = text.plist.xml; path = "ExquisiteSTTests-Info.plist"; sourceTree = "<group>"; };
		3B0FDEF71807CEFE007B1C9D /* en */ = {isa = PBXFileReference; lastKnownFileType = text.plist.strings; name = en; path = en.lproj/InfoPlist.strings; sourceTree = "<group>"; };
		3B0FDEF91807CEFE007B1C9D /* ExquisiteSTTests.m */ = {isa = PBXFileReference; lastKnownFileType = sourcecode.c.objc; path = ExquisiteSTTests.m; sourceTree = "<group>"; };
		3B1BA86E180D9ED700FEA10D /* placeholder.png */ = {isa = PBXFileReference; lastKnownFileType = image.png; path = placeholder.png; sourceTree = "<group>"; };
		3B638FB2180EC30A00469062 /* TableController.h */ = {isa = PBXFileReference; fileEncoding = 4; lastKnownFileType = sourcecode.c.h; path = TableController.h; sourceTree = "<group>"; };
		3B638FB3180EC30A00469062 /* TableController.m */ = {isa = PBXFileReference; fileEncoding = 4; lastKnownFileType = sourcecode.c.objc; path = TableController.m; sourceTree = "<group>"; };
		3B638FB5180EC5C500469062 /* TableViewCell.h */ = {isa = PBXFileReference; fileEncoding = 4; lastKnownFileType = sourcecode.c.h; path = TableViewCell.h; sourceTree = "<group>"; };
		3B638FB6180EC5C500469062 /* TableViewCell.m */ = {isa = PBXFileReference; fileEncoding = 4; lastKnownFileType = sourcecode.c.objc; path = TableViewCell.m; sourceTree = "<group>"; };
		3B892E8F18083C3D00F1D00C /* Constants.h */ = {isa = PBXFileReference; fileEncoding = 4; lastKnownFileType = sourcecode.c.h; path = Constants.h; sourceTree = "<group>"; };
		3B9C85D7180E706200D678DC /* MediaPlayer.framework */ = {isa = PBXFileReference; lastKnownFileType = wrapper.framework; name = MediaPlayer.framework; path = System/Library/Frameworks/MediaPlayer.framework; sourceTree = SDKROOT; };
		3B9C85DF180E89D900D678DC /* MovieController.h */ = {isa = PBXFileReference; fileEncoding = 4; lastKnownFileType = sourcecode.c.h; path = MovieController.h; sourceTree = "<group>"; };
		3B9C85E0180E89D900D678DC /* MovieController.m */ = {isa = PBXFileReference; fileEncoding = 4; lastKnownFileType = sourcecode.c.objc; path = MovieController.m; sourceTree = "<group>"; };
		3B9D911A180975B00084F9DD /* BaseNavigationController.h */ = {isa = PBXFileReference; fileEncoding = 4; lastKnownFileType = sourcecode.c.h; path = BaseNavigationController.h; sourceTree = "<group>"; };
		3B9D911B180975B00084F9DD /* BaseNavigationController.m */ = {isa = PBXFileReference; fileEncoding = 4; lastKnownFileType = sourcecode.c.objc; path = BaseNavigationController.m; sourceTree = "<group>"; };
		3B9D911E180975B00084F9DD /* BaseTableViewController.h */ = {isa = PBXFileReference; fileEncoding = 4; lastKnownFileType = sourcecode.c.h; path = BaseTableViewController.h; sourceTree = "<group>"; };
		3B9D911F180975B00084F9DD /* BaseTableViewController.m */ = {isa = PBXFileReference; fileEncoding = 4; lastKnownFileType = sourcecode.c.objc; path = BaseTableViewController.m; sourceTree = "<group>"; };
		3B9D9120180975B00084F9DD /* BaseViewController.h */ = {isa = PBXFileReference; fileEncoding = 4; lastKnownFileType = sourcecode.c.h; path = BaseViewController.h; sourceTree = "<group>"; };
		3B9D9121180975B00084F9DD /* BaseViewController.m */ = {isa = PBXFileReference; fileEncoding = 4; lastKnownFileType = sourcecode.c.objc; path = BaseViewController.m; sourceTree = "<group>"; };
		3B9D91271809A69A0084F9DD /* HomeController.h */ = {isa = PBXFileReference; fileEncoding = 4; lastKnownFileType = sourcecode.c.h; path = HomeController.h; sourceTree = "<group>"; };
		3B9D91281809A69A0084F9DD /* HomeController.m */ = {isa = PBXFileReference; fileEncoding = 4; lastKnownFileType = sourcecode.c.objc; path = HomeController.m; sourceTree = "<group>"; };
		3B9D91301809B9330084F9DD /* WebController.h */ = {isa = PBXFileReference; fileEncoding = 4; lastKnownFileType = sourcecode.c.h; path = WebController.h; sourceTree = "<group>"; };
		3B9D91311809B9330084F9DD /* WebController.m */ = {isa = PBXFileReference; fileEncoding = 4; lastKnownFileType = sourcecode.c.objc; path = WebController.m; sourceTree = "<group>"; };
		3B9D9143180A68B80084F9DD /* BaseModel.h */ = {isa = PBXFileReference; fileEncoding = 4; lastKnownFileType = sourcecode.c.h; path = BaseModel.h; sourceTree = "<group>"; };
		3B9D9144180A68B80084F9DD /* BaseModel.m */ = {isa = PBXFileReference; fileEncoding = 4; lastKnownFileType = sourcecode.c.objc; path = BaseModel.m; sourceTree = "<group>"; };
		3B9D9146180A69CC0084F9DD /* News.h */ = {isa = PBXFileReference; fileEncoding = 4; lastKnownFileType = sourcecode.c.h; path = News.h; sourceTree = "<group>"; };
		3B9D9147180A69CC0084F9DD /* News.m */ = {isa = PBXFileReference; fileEncoding = 4; lastKnownFileType = sourcecode.c.objc; path = News.m; sourceTree = "<group>"; };
		3B9D914F180A739D0084F9DD /* ScrollPageView.h */ = {isa = PBXFileReference; fileEncoding = 4; lastKnownFileType = sourcecode.c.h; path = ScrollPageView.h; sourceTree = "<group>"; };
		3B9D9150180A739D0084F9DD /* ScrollPageView.m */ = {isa = PBXFileReference; fileEncoding = 4; lastKnownFileType = sourcecode.c.objc; path = ScrollPageView.m; sourceTree = "<group>"; };
		3B9D9152180AB0FC0084F9DD /* RESTfulEngine.h */ = {isa = PBXFileReference; fileEncoding = 4; lastKnownFileType = sourcecode.c.h; path = RESTfulEngine.h; sourceTree = "<group>"; };
		3B9D9153180AB0FC0084F9DD /* RESTfulEngine.m */ = {isa = PBXFileReference; fileEncoding = 4; lastKnownFileType = sourcecode.c.objc; path = RESTfulEngine.m; sourceTree = "<group>"; };
		3BB92B67180D9162007D0176 /* jzst.xml */ = {isa = PBXFileReference; fileEncoding = 4; lastKnownFileType = text.xml; path = jzst.xml; sourceTree = "<group>"; };
		3BB92B69180D9162007D0176 /* slider.xml */ = {isa = PBXFileReference; fileEncoding = 4; lastKnownFileType = text.xml; path = slider.xml; sourceTree = "<group>"; };
		3BBAB409180C2D770088D1DB /* CollectionViewCell.h */ = {isa = PBXFileReference; fileEncoding = 4; lastKnownFileType = sourcecode.c.h; path = CollectionViewCell.h; sourceTree = "<group>"; };
		3BBAB40A180C2D770088D1DB /* CollectionViewCell.m */ = {isa = PBXFileReference; fileEncoding = 4; lastKnownFileType = sourcecode.c.objc; path = CollectionViewCell.m; sourceTree = "<group>"; };
		3BBAB40D180C359B0088D1DB /* PSCollectionView.h */ = {isa = PBXFileReference; fileEncoding = 4; lastKnownFileType = sourcecode.c.h; path = PSCollectionView.h; sourceTree = "<group>"; };
		3BBAB40E180C359B0088D1DB /* PSCollectionView.m */ = {isa = PBXFileReference; fileEncoding = 4; lastKnownFileType = sourcecode.c.objc; path = PSCollectionView.m; sourceTree = "<group>"; };
		3BBAB40F180C359B0088D1DB /* PSCollectionViewCell.h */ = {isa = PBXFileReference; fileEncoding = 4; lastKnownFileType = sourcecode.c.h; path = PSCollectionViewCell.h; sourceTree = "<group>"; };
		3BBAB410180C359B0088D1DB /* PSCollectionViewCell.m */ = {isa = PBXFileReference; fileEncoding = 4; lastKnownFileType = sourcecode.c.objc; path = PSCollectionViewCell.m; sourceTree = "<group>"; };
		3BBAB416180C48F50088D1DB /* CollectionController.h */ = {isa = PBXFileReference; fileEncoding = 4; lastKnownFileType = sourcecode.c.h; path = CollectionController.h; sourceTree = "<group>"; };
		3BBAB417180C48F50088D1DB /* CollectionController.m */ = {isa = PBXFileReference; fileEncoding = 4; lastKnownFileType = sourcecode.c.objc; path = CollectionController.m; sourceTree = "<group>"; };
		AF07391AE37B403798E485DA /* libPods.a */ = {isa = PBXFileReference; explicitFileType = archive.ar; includeInIndex = 0; path = libPods.a; sourceTree = BUILT_PRODUCTS_DIR; };
		B7C58F260BAC4CA2A7CA3626 /* Pods.xcconfig */ = {isa = PBXFileReference; includeInIndex = 1; lastKnownFileType = text.xcconfig; name = Pods.xcconfig; path = Pods/Pods.xcconfig; sourceTree = "<group>"; };
/* End PBXFileReference section */

/* Begin PBXFrameworksBuildPhase section */
		3B0FDECE1807CEFD007B1C9D /* Frameworks */ = {
			isa = PBXFrameworksBuildPhase;
			buildActionMask = 2147483647;
			files = (
				04C6602518191CAB007C1635 /* QuartzCore.framework in Frameworks */,
				3B9C85D8180E706200D678DC /* MediaPlayer.framework in Frameworks */,
				3B0FDED71807CEFE007B1C9D /* CoreGraphics.framework in Frameworks */,
				3B0FDED91807CEFE007B1C9D /* UIKit.framework in Frameworks */,
				3B0FDED51807CEFE007B1C9D /* Foundation.framework in Frameworks */,
				BAFD5A9ED1374A68BC989C05 /* libPods.a in Frameworks */,
			);
			runOnlyForDeploymentPostprocessing = 0;
		};
		3B0FDEE91807CEFE007B1C9D /* Frameworks */ = {
			isa = PBXFrameworksBuildPhase;
			buildActionMask = 2147483647;
			files = (
				3B0FDEEE1807CEFE007B1C9D /* XCTest.framework in Frameworks */,
				3B0FDEF01807CEFE007B1C9D /* UIKit.framework in Frameworks */,
				3B0FDEEF1807CEFE007B1C9D /* Foundation.framework in Frameworks */,
			);
			runOnlyForDeploymentPostprocessing = 0;
		};
/* End PBXFrameworksBuildPhase section */

/* Begin PBXGroup section */
		04C660921819363A007C1635 /* Nimbus */ = {
			isa = PBXGroup;
			children = (
				04C660931819363A007C1635 /* Core */,
				04C660C71819363A007C1635 /* Launcher */,
				04C660D51819363A007C1635 /* PagingScrollview */,
			);
			path = Nimbus;
			sourceTree = "<group>";
		};
		04C660931819363A007C1635 /* Core */ = {
			isa = PBXGroup;
			children = (
				04C660941819363A007C1635 /* NIActions+Subclassing.h */,
				04C660951819363A007C1635 /* NIActions.h */,
				04C660961819363A007C1635 /* NIActions.m */,
				04C660971819363A007C1635 /* NIButtonUtilities.h */,
				04C660981819363A007C1635 /* NIButtonUtilities.m */,
				04C660991819363A007C1635 /* NICommonMetrics.h */,
				04C6609A1819363A007C1635 /* NICommonMetrics.m */,
				04C6609B1819363A007C1635 /* NIDataStructures.h */,
				04C6609C1819363A007C1635 /* NIDataStructures.m */,
				04C6609D1819363A007C1635 /* NIDebuggingTools.h */,
				04C6609E1819363A007C1635 /* NIDebuggingTools.m */,
				04C6609F1819363A007C1635 /* NIDeviceOrientation.h */,
				04C660A01819363A007C1635 /* NIDeviceOrientation.m */,
				04C660A11819363A007C1635 /* NIError.h */,
				04C660A21819363A007C1635 /* NIError.m */,
				04C660A31819363A007C1635 /* NIFoundationMethods.h */,
				04C660A41819363A007C1635 /* NIFoundationMethods.m */,
				04C660A51819363A007C1635 /* NIImageUtilities.h */,
				04C660A61819363A007C1635 /* NIImageUtilities.m */,
				04C660A71819363A007C1635 /* NIInMemoryCache.h */,
				04C660A81819363A007C1635 /* NIInMemoryCache.m */,
				04C660A91819363A007C1635 /* NIInvocationMethods.h */,
				04C660AA1819363A007C1635 /* NIInvocationMethods.m */,
				04C660AB1819363A007C1635 /* NimbusCore+Additions.h */,
				04C660AC1819363A007C1635 /* NimbusCore.h */,
				04C660AD1819363A007C1635 /* NINavigationAppearance.h */,
				04C660AE1819363A007C1635 /* NINavigationAppearance.m */,
				04C660AF1819363A007C1635 /* NINetworkActivity.h */,
				04C660B01819363A007C1635 /* NINetworkActivity.m */,
				04C660B11819363A007C1635 /* NINonEmptyCollectionTesting.h */,
				04C660B21819363A007C1635 /* NINonEmptyCollectionTesting.m */,
				04C660B31819363A007C1635 /* NINonRetainingCollections.h */,
				04C660B41819363A007C1635 /* NINonRetainingCollections.m */,
				04C660B51819363A007C1635 /* NIOperations+Subclassing.h */,
				04C660B61819363A007C1635 /* NIOperations.h */,
				04C660B71819363A007C1635 /* NIOperations.m */,
				04C660B81819363A007C1635 /* NIPaths.h */,
				04C660B91819363A007C1635 /* NIPaths.m */,
				04C660BA1819363A007C1635 /* NIPreprocessorMacros.h */,
				04C660BB1819363A007C1635 /* NIRuntimeClassModifications.h */,
				04C660BC1819363A007C1635 /* NIRuntimeClassModifications.m */,
				04C660BD1819363A007C1635 /* NISDKAvailability.h */,
				04C660BE1819363A007C1635 /* NISDKAvailability.m */,
				04C660BF1819363A007C1635 /* NISnapshotRotation.h */,
				04C660C01819363A007C1635 /* NISnapshotRotation.m */,
				04C660C11819363A007C1635 /* NIState.h */,
				04C660C21819363A007C1635 /* NIState.m */,
				04C660C31819363A007C1635 /* NIViewRecycler.h */,
				04C660C41819363A007C1635 /* NIViewRecycler.m */,
				04C660C51819363A007C1635 /* NSString+NimbusCore.h */,
				04C660C61819363A007C1635 /* NSString+NimbusCore.m */,
			);
			path = Core;
			sourceTree = "<group>";
		};
		04C660C71819363A007C1635 /* Launcher */ = {
			isa = PBXGroup;
			children = (
				04C660C81819363A007C1635 /* NILauncherButtonView.h */,
				04C660C91819363A007C1635 /* NILauncherButtonView.m */,
				04C660CA1819363A007C1635 /* NILauncherPageView.h */,
				04C660CB1819363A007C1635 /* NILauncherPageView.m */,
				04C660CC1819363A007C1635 /* NILauncherView.h */,
				04C660CD1819363A007C1635 /* NILauncherView.m */,
				04C660CE1819363A007C1635 /* NILauncherViewController.h */,
				04C660CF1819363A007C1635 /* NILauncherViewController.m */,
				04C660D01819363A007C1635 /* NILauncherViewModel.h */,
				04C660D11819363A007C1635 /* NILauncherViewModel.m */,
				04C660D21819363A007C1635 /* NILauncherViewObject.h */,
				04C660D31819363A007C1635 /* NILauncherViewObject.m */,
				04C660D41819363A007C1635 /* NimbusLauncher.h */,
			);
			path = Launcher;
			sourceTree = "<group>";
		};
		04C660D51819363A007C1635 /* PagingScrollview */ = {
			isa = PBXGroup;
			children = (
				04C660D61819363A007C1635 /* NimbusPagingScrollView.h */,
				04C660D71819363A007C1635 /* NIPageView.h */,
				04C660D81819363A007C1635 /* NIPageView.m */,
				04C660D91819363A007C1635 /* NIPagingScrollView+Subclassing.h */,
				04C660DA1819363A007C1635 /* NIPagingScrollView.h */,
				04C660DB1819363A007C1635 /* NIPagingScrollView.m */,
				04C660DC1819363A007C1635 /* NIPagingScrollViewDataSource.h */,
				04C660DD1819363A007C1635 /* NIPagingScrollViewDelegate.h */,
				04C660DE1819363A007C1635 /* NIPagingScrollViewPage.h */,
			);
			path = PagingScrollview;
			sourceTree = "<group>";
		};
		3B0FDEC81807CEFD007B1C9D = {
			isa = PBXGroup;
			children = (
				3B892E8C18083BF500F1D00C /* Resources */,
				3B892E8318083BED00F1D00C /* Classes */,
				3B0FDEDA1807CEFE007B1C9D /* ExquisiteST */,
				3B0FDEF31807CEFE007B1C9D /* ExquisiteSTTests */,
				3B0FDED31807CEFD007B1C9D /* Frameworks */,
				3B0FDED21807CEFD007B1C9D /* Products */,
				B7C58F260BAC4CA2A7CA3626 /* Pods.xcconfig */,
			);
			sourceTree = "<group>";
		};
		3B0FDED21807CEFD007B1C9D /* Products */ = {
			isa = PBXGroup;
			children = (
				3B0FDED11807CEFD007B1C9D /* ExquisiteST.app */,
				3B0FDEEC1807CEFE007B1C9D /* ExquisiteSTTests.xctest */,
			);
			name = Products;
			sourceTree = "<group>";
		};
		3B0FDED31807CEFD007B1C9D /* Frameworks */ = {
			isa = PBXGroup;
			children = (
				04C6602418191CAB007C1635 /* QuartzCore.framework */,
				3B9C85D7180E706200D678DC /* MediaPlayer.framework */,
				3B0FDED41807CEFE007B1C9D /* Foundation.framework */,
				3B0FDED61807CEFE007B1C9D /* CoreGraphics.framework */,
				3B0FDED81807CEFE007B1C9D /* UIKit.framework */,
				3B0FDEED1807CEFE007B1C9D /* XCTest.framework */,
				AF07391AE37B403798E485DA /* libPods.a */,
			);
			name = Frameworks;
			sourceTree = "<group>";
		};
		3B0FDEDA1807CEFE007B1C9D /* ExquisiteST */ = {
			isa = PBXGroup;
			children = (
				3B0FDEE31807CEFE007B1C9D /* AppDelegate.h */,
				3B0FDEE41807CEFE007B1C9D /* AppDelegate.m */,
				3B0FDEE61807CEFE007B1C9D /* Images.xcassets */,
				3B0FDEDB1807CEFE007B1C9D /* Supporting Files */,
			);
			path = ExquisiteST;
			sourceTree = "<group>";
		};
		3B0FDEDB1807CEFE007B1C9D /* Supporting Files */ = {
			isa = PBXGroup;
			children = (
				3B0FDEDC1807CEFE007B1C9D /* ExquisiteST-Info.plist */,
				3B0FDEDD1807CEFE007B1C9D /* InfoPlist.strings */,
				3B0FDEE01807CEFE007B1C9D /* main.m */,
				3B0FDEE21807CEFE007B1C9D /* ExquisiteST-Prefix.pch */,
				3B892E8F18083C3D00F1D00C /* Constants.h */,
				049112B318201FFF002D90EC /* Localizable.strings */,
			);
			name = "Supporting Files";
			sourceTree = "<group>";
		};
		3B0FDEF31807CEFE007B1C9D /* ExquisiteSTTests */ = {
			isa = PBXGroup;
			children = (
				3B0FDEF91807CEFE007B1C9D /* ExquisiteSTTests.m */,
				3B0FDEF41807CEFE007B1C9D /* Supporting Files */,
			);
			path = ExquisiteSTTests;
			sourceTree = "<group>";
		};
		3B0FDEF41807CEFE007B1C9D /* Supporting Files */ = {
			isa = PBXGroup;
			children = (
				3B0FDEF51807CEFE007B1C9D /* ExquisiteSTTests-Info.plist */,
				3B0FDEF61807CEFE007B1C9D /* InfoPlist.strings */,
			);
			name = "Supporting Files";
			sourceTree = "<group>";
		};
		3B892E8318083BED00F1D00C /* Classes */ = {
			isa = PBXGroup;
			children = (
				04C660921819363A007C1635 /* Nimbus */,
				3BBAB40C180C359B0088D1DB /* PSCollectionView */,
				3B892E8418083BED00F1D00C /* Common */,
				3B98C9121809295A00F6489E /* DataSources */,
				3B98C911180926D100F6489E /* Views */,
				3B892E8518083BED00F1D00C /* Controllers */,
				3B892E8718083BED00F1D00C /* RESTfulEngine */,
			);
			path = Classes;
			sourceTree = "<group>";
		};
		3B892E8418083BED00F1D00C /* Common */ = {
			isa = PBXGroup;
			children = (
			);
			path = Common;
			sourceTree = "<group>";
		};
		3B892E8518083BED00F1D00C /* Controllers */ = {
			isa = PBXGroup;
			children = (
				3B9D9119180975B00084F9DD /* BaseController */,
				3B9D91271809A69A0084F9DD /* HomeController.h */,
				3B9D91281809A69A0084F9DD /* HomeController.m */,
				3BBAB416180C48F50088D1DB /* CollectionController.h */,
				3BBAB417180C48F50088D1DB /* CollectionController.m */,
				3B9D91301809B9330084F9DD /* WebController.h */,
				3B9D91311809B9330084F9DD /* WebController.m */,
				3B638FB2180EC30A00469062 /* TableController.h */,
				3B638FB3180EC30A00469062 /* TableController.m */,
				3B9C85DF180E89D900D678DC /* MovieController.h */,
				3B9C85E0180E89D900D678DC /* MovieController.m */,
				048DFBC8181AD7990040E6DA /* Table2Controller.h */,
				048DFBC9181AD7990040E6DA /* Table2Controller.m */,
				049112AE1820038C002D90EC /* VideoController.h */,
				049112AF1820038C002D90EC /* VideoController.m */,
			);
			path = Controllers;
			sourceTree = "<group>";
		};
		3B892E8718083BED00F1D00C /* RESTfulEngine */ = {
			isa = PBXGroup;
			children = (
				3B892E8818083BED00F1D00C /* Models */,
				3B9D9152180AB0FC0084F9DD /* RESTfulEngine.h */,
				3B9D9153180AB0FC0084F9DD /* RESTfulEngine.m */,
			);
			path = RESTfulEngine;
			sourceTree = "<group>";
		};
		3B892E8818083BED00F1D00C /* Models */ = {
			isa = PBXGroup;
			children = (
				3B892E8918083BED00F1D00C /* Api */,
				3B892E8A18083BED00F1D00C /* Db */,
			);
			path = Models;
			sourceTree = "<group>";
		};
		3B892E8918083BED00F1D00C /* Api */ = {
			isa = PBXGroup;
			children = (
				3B9D9143180A68B80084F9DD /* BaseModel.h */,
				3B9D9144180A68B80084F9DD /* BaseModel.m */,
				3B9D9146180A69CC0084F9DD /* News.h */,
				3B9D9147180A69CC0084F9DD /* News.m */,
			);
			path = Api;
			sourceTree = "<group>";
		};
		3B892E8A18083BED00F1D00C /* Db */ = {
			isa = PBXGroup;
			children = (
			);
			path = Db;
			sourceTree = "<group>";
		};
		3B892E8C18083BF500F1D00C /* Resources */ = {
			isa = PBXGroup;
			children = (
				3BB92B64180D9156007D0176 /* Xml */,
				3B892E9118083CD900F1D00C /* Images */,
			);
			path = Resources;
			sourceTree = "<group>";
		};
		3B892E9118083CD900F1D00C /* Images */ = {
			isa = PBXGroup;
			children = (
				048DFBCE181ADB060040E6DA /* icon_strw.png */,
				0407B8D7181F3F8C006DA601 /* 3g7.jpg */,
				04911276181FEB82002D90EC /* zbst-sp.png */,
				04911277181FEB82002D90EC /* zbst-sp@2x.png */,
				04911278181FEB82002D90EC /* zbst-bk.png */,
				04911279181FEB82002D90EC /* zbst-bk@2x.png */,
				0407B8D8181F3F8C006DA601 /* 3g7@2x.jpg */,
				0407B8D9181F3F8C006DA601 /* 3g8.jpg */,
				0407B8DA181F3F8C006DA601 /* 3g8@2x.jpg */,
				0407B8DB181F3F8C006DA601 /* 3g2.jpg */,
				0407B8DC181F3F8C006DA601 /* 3g2@2x.jpg */,
				0407B8DD181F3F8C006DA601 /* 3g3.jpg */,
				0407B8DE181F3F8C006DA601 /* 3g3@2x.jpg */,
				0407B8DF181F3F8C006DA601 /* 3g1.jpg */,
				0407B8E0181F3F8C006DA601 /* 3g1@2x.jpg */,
				0407B8E1181F3F8C006DA601 /* 3g4.jpg */,
				0407B8E2181F3F8C006DA601 /* 3g4@2x.jpg */,
				048DFBCF181ADB060040E6DA /* icon_strw@2x.png */,
				048DFBD0181ADB060040E6DA /* icon_stly.png */,
				048DFBD1181ADB060040E6DA /* icon_stly@2x.png */,
				048DFBD2181ADB060040E6DA /* icon_msst.png */,
				048DFBD3181ADB060040E6DA /* icon_msst@2x.png */,
				048DFBC1181ACB1A0040E6DA /* tablecell_bg.png */,
				048DFBC2181ACB1A0040E6DA /* tablecell_bg@2x.png */,
				048DFBB9181AC42E0040E6DA /* tab_but_focus.png */,
				048DFBBA181AC42E0040E6DA /* tab_but_normal.png */,
				048DFBBB181AC42E0040E6DA /* tab_but_normal@2x.png */,
				048DFBBC181AC42E0040E6DA /* tab_but_focus@2x.png */,
				041957D5181A1FF0000BB36B /* toolbar_bg.png */,
				041957D6181A1FF0000BB36B /* toolbar_bg@2x.png */,
				041957D1181A0BE5000BB36B /* icon_play.png */,
				041957D2181A0BE5000BB36B /* icon_play@2x.png */,
				041957CD181A08CE000BB36B /* top_bg.png */,
				041957CE181A08CE000BB36B /* top_bg@2x.png */,
				04A920B0181988A700B21752 /* t_text.png */,
				04A920B1181988A700B21752 /* t_video.png */,
				04A920B2181988A700B21752 /* t_pic.png */,
				04A920B3181988A700B21752 /* t_pic@2x.png */,
				04A920B4181988A700B21752 /* t_text@2x.png */,
				04A920B5181988A700B21752 /* t_video@2x.png */,
				04C6614418195448007C1635 /* ibtn1@2x.png */,
				04C6614518195448007C1635 /* ibtn2@2x.png */,
				04C6614618195448007C1635 /* ibtn3@2x.png */,
				04C6614718195448007C1635 /* ibtn4@2x.png */,
				04C6614818195448007C1635 /* ibtn5@2x.png */,
				04C6614918195448007C1635 /* ibtn6@2x.png */,
				04C6614A18195448007C1635 /* ibtn7@2x.png */,
				04C6614B18195448007C1635 /* ibtn8@2x.png */,
				04C6614C18195448007C1635 /* ibtn9@2x.png */,
				04C66132181953AE007C1635 /* ibtn1.png */,
				04C66133181953AE007C1635 /* ibtn2.png */,
				04C66134181953AE007C1635 /* ibtn3.png */,
				04C66135181953AE007C1635 /* ibtn4.png */,
				04C66136181953AE007C1635 /* ibtn5.png */,
				04C66137181953AE007C1635 /* ibtn6.png */,
				04C66138181953AE007C1635 /* ibtn7.png */,
				04C66139181953AE007C1635 /* ibtn8.png */,
				04C6613A181953AE007C1635 /* ibtn9.png */,
				04C660FE18194718007C1635 /* a.jpg */,
				04C660FF18194718007C1635 /* b.jpg */,
				04C6610018194718007C1635 /* c.jpg */,
				04C6610118194718007C1635 /* d.jpg */,
				3B1BA86E180D9ED700FEA10D /* placeholder.png */,
			);
			path = Images;
			sourceTree = "<group>";
		};
		3B98C911180926D100F6489E /* Views */ = {
			isa = PBXGroup;
			children = (
				3B9D914F180A739D0084F9DD /* ScrollPageView.h */,
				3B9D9150180A739D0084F9DD /* ScrollPageView.m */,
				3BBAB409180C2D770088D1DB /* CollectionViewCell.h */,
				3BBAB40A180C2D770088D1DB /* CollectionViewCell.m */,
				3B638FB5180EC5C500469062 /* TableViewCell.h */,
				3B638FB6180EC5C500469062 /* TableViewCell.m */,
				048DFBCB181AD7CC0040E6DA /* Table2ViewCell.h */,
				048DFBCC181AD7CC0040E6DA /* Table2ViewCell.m */,
			);
			path = Views;
			sourceTree = "<group>";
		};
		3B98C9121809295A00F6489E /* DataSources */ = {
			isa = PBXGroup;
			children = (
			);
			path = DataSources;
			sourceTree = "<group>";
		};
		3B9D9119180975B00084F9DD /* BaseController */ = {
			isa = PBXGroup;
			children = (
				3B9D911A180975B00084F9DD /* BaseNavigationController.h */,
				3B9D911B180975B00084F9DD /* BaseNavigationController.m */,
				3B9D911E180975B00084F9DD /* BaseTableViewController.h */,
				3B9D911F180975B00084F9DD /* BaseTableViewController.m */,
				3B9D9120180975B00084F9DD /* BaseViewController.h */,
				3B9D9121180975B00084F9DD /* BaseViewController.m */,
			);
			path = BaseController;
			sourceTree = "<group>";
		};
		3BB92B64180D9156007D0176 /* Xml */ = {
			isa = PBXGroup;
			children = (
				04911274181FE978002D90EC /* zbst.xml */,
				0478E834181B3FBD004BE502 /* 3gxt.xml */,
				0478E835181B3FBD004BE502 /* dcst.xml */,
				3BB92B67180D9162007D0176 /* jzst.xml */,
				3BB92B69180D9162007D0176 /* slider.xml */,
			);
			path = Xml;
			sourceTree = "<group>";
		};
		3BBAB40C180C359B0088D1DB /* PSCollectionView */ = {
			isa = PBXGroup;
			children = (
				3BBAB40D180C359B0088D1DB /* PSCollectionView.h */,
				3BBAB40E180C359B0088D1DB /* PSCollectionView.m */,
				3BBAB40F180C359B0088D1DB /* PSCollectionViewCell.h */,
				3BBAB410180C359B0088D1DB /* PSCollectionViewCell.m */,
			);
			path = PSCollectionView;
			sourceTree = "<group>";
		};
/* End PBXGroup section */

/* Begin PBXNativeTarget section */
		3B0FDED01807CEFD007B1C9D /* ExquisiteST */ = {
			isa = PBXNativeTarget;
			buildConfigurationList = 3B0FDEFD1807CEFE007B1C9D /* Build configuration list for PBXNativeTarget "ExquisiteST" */;
			buildPhases = (
				3D3376B8D6284A87AA44D7D4 /* Check Pods Manifest.lock */,
				3B0FDECD1807CEFD007B1C9D /* Sources */,
				3B0FDECE1807CEFD007B1C9D /* Frameworks */,
				3B0FDECF1807CEFD007B1C9D /* Resources */,
				B8E9C9D4CB7C48BFB115D9A2 /* Copy Pods Resources */,
			);
			buildRules = (
			);
			dependencies = (
			);
			name = ExquisiteST;
			productName = ExquisiteST;
			productReference = 3B0FDED11807CEFD007B1C9D /* ExquisiteST.app */;
			productType = "com.apple.product-type.application";
		};
		3B0FDEEB1807CEFE007B1C9D /* ExquisiteSTTests */ = {
			isa = PBXNativeTarget;
			buildConfigurationList = 3B0FDF001807CEFE007B1C9D /* Build configuration list for PBXNativeTarget "ExquisiteSTTests" */;
			buildPhases = (
				3B0FDEE81807CEFE007B1C9D /* Sources */,
				3B0FDEE91807CEFE007B1C9D /* Frameworks */,
				3B0FDEEA1807CEFE007B1C9D /* Resources */,
			);
			buildRules = (
			);
			dependencies = (
				3B0FDEF21807CEFE007B1C9D /* PBXTargetDependency */,
			);
			name = ExquisiteSTTests;
			productName = ExquisiteSTTests;
			productReference = 3B0FDEEC1807CEFE007B1C9D /* ExquisiteSTTests.xctest */;
			productType = "com.apple.product-type.bundle.unit-test";
		};
/* End PBXNativeTarget section */

/* Begin PBXProject section */
		3B0FDEC91807CEFD007B1C9D /* Project object */ = {
			isa = PBXProject;
			attributes = {
				LastUpgradeCheck = 0500;
				TargetAttributes = {
					3B0FDED01807CEFD007B1C9D = {
						DevelopmentTeam = 44X3KQ6SG2;
					};
					3B0FDEEB1807CEFE007B1C9D = {
						TestTargetID = 3B0FDED01807CEFD007B1C9D;
					};
				};
			};
			buildConfigurationList = 3B0FDECC1807CEFD007B1C9D /* Build configuration list for PBXProject "ExquisiteST" */;
			compatibilityVersion = "Xcode 3.2";
			developmentRegion = English;
			hasScannedForEncodings = 0;
			knownRegions = (
				en,
				"zh-Hans",
			);
			mainGroup = 3B0FDEC81807CEFD007B1C9D;
			productRefGroup = 3B0FDED21807CEFD007B1C9D /* Products */;
			projectDirPath = "";
			projectRoot = "";
			targets = (
				3B0FDED01807CEFD007B1C9D /* ExquisiteST */,
				3B0FDEEB1807CEFE007B1C9D /* ExquisiteSTTests */,
			);
		};
/* End PBXProject section */

/* Begin PBXResourcesBuildPhase section */
		3B0FDECF1807CEFD007B1C9D /* Resources */ = {
			isa = PBXResourcesBuildPhase;
			buildActionMask = 2147483647;
			files = (
				04C6610518194718007C1635 /* d.jpg in Resources */,
				04C66142181953AE007C1635 /* ibtn8.png in Resources */,
				0407B8EC181F3F8C006DA601 /* 3g1@2x.jpg in Resources */,
				04C6610318194718007C1635 /* b.jpg in Resources */,
				0407B8E5181F3F8C006DA601 /* 3g8.jpg in Resources */,
				0491127A181FEB82002D90EC /* zbst-sp.png in Resources */,
				0407B8EA181F3F8C006DA601 /* 3g3@2x.jpg in Resources */,
				04C6615318195448007C1635 /* ibtn7@2x.png in Resources */,
				04A920BA181988A700B21752 /* t_text@2x.png in Resources */,
				048DFBC0181AC42E0040E6DA /* tab_but_focus@2x.png in Resources */,
				041957D0181A08CE000BB36B /* top_bg@2x.png in Resources */,
				0407B8EB181F3F8C006DA601 /* 3g1.jpg in Resources */,
				048DFBBD181AC42E0040E6DA /* tab_but_focus.png in Resources */,
				041957CF181A08CE000BB36B /* top_bg.png in Resources */,
				048DFBBF181AC42E0040E6DA /* tab_but_normal@2x.png in Resources */,
				04C6615418195448007C1635 /* ibtn8@2x.png in Resources */,
				04A920B8181988A700B21752 /* t_pic.png in Resources */,
				04C6614E18195448007C1635 /* ibtn2@2x.png in Resources */,
				0407B8EE181F3F8C006DA601 /* 3g4@2x.jpg in Resources */,
				04C6610218194718007C1635 /* a.jpg in Resources */,
				048DFBBE181AC42E0040E6DA /* tab_but_normal.png in Resources */,
				048DFBD7181ADB060040E6DA /* icon_stly@2x.png in Resources */,
				3B1BA86F180D9ED700FEA10D /* placeholder.png in Resources */,
				049112B118201FFF002D90EC /* Localizable.strings in Resources */,
				0478E837181B3FBD004BE502 /* dcst.xml in Resources */,
				04C6613F181953AE007C1635 /* ibtn5.png in Resources */,
				04C66141181953AE007C1635 /* ibtn7.png in Resources */,
				3BB92B73180D9162007D0176 /* slider.xml in Resources */,
				048DFBD9181ADB060040E6DA /* icon_msst@2x.png in Resources */,
				04C6615018195448007C1635 /* ibtn4@2x.png in Resources */,
				04C6613E181953AE007C1635 /* ibtn4.png in Resources */,
				3BB92B71180D9162007D0176 /* jzst.xml in Resources */,
				3B0FDEDF1807CEFE007B1C9D /* InfoPlist.strings in Resources */,
				04C6614F18195448007C1635 /* ibtn3@2x.png in Resources */,
				04A920B6181988A700B21752 /* t_text.png in Resources */,
				04C6615218195448007C1635 /* ibtn6@2x.png in Resources */,
				04C66143181953AE007C1635 /* ibtn9.png in Resources */,
				048DFBD8181ADB060040E6DA /* icon_msst.png in Resources */,
				0407B8E4181F3F8C006DA601 /* 3g7@2x.jpg in Resources */,
				048DFBC3181ACB1A0040E6DA /* tablecell_bg.png in Resources */,
				04C6613D181953AE007C1635 /* ibtn3.png in Resources */,
				0407B8E8181F3F8C006DA601 /* 3g2@2x.jpg in Resources */,
				0407B8E9181F3F8C006DA601 /* 3g3.jpg in Resources */,
				048DFBD5181ADB060040E6DA /* icon_strw@2x.png in Resources */,
				048DFBD6181ADB060040E6DA /* icon_stly.png in Resources */,
				041957D8181A1FF0000BB36B /* toolbar_bg@2x.png in Resources */,
				041957D3181A0BE5000BB36B /* icon_play.png in Resources */,
				0491127C181FEB82002D90EC /* zbst-bk.png in Resources */,
				04C6615118195448007C1635 /* ibtn5@2x.png in Resources */,
				04C6613B181953AE007C1635 /* ibtn1.png in Resources */,
				04C6614D18195448007C1635 /* ibtn1@2x.png in Resources */,
				3B0FDEE71807CEFE007B1C9D /* Images.xcassets in Resources */,
				04A920BB181988A700B21752 /* t_video@2x.png in Resources */,
				04C66140181953AE007C1635 /* ibtn6.png in Resources */,
				04A920B9181988A700B21752 /* t_pic@2x.png in Resources */,
				04C6610418194718007C1635 /* c.jpg in Resources */,
				0407B8E6181F3F8C006DA601 /* 3g8@2x.jpg in Resources */,
				0407B8ED181F3F8C006DA601 /* 3g4.jpg in Resources */,
				04C6615518195448007C1635 /* ibtn9@2x.png in Resources */,
				041957D7181A1FF0000BB36B /* toolbar_bg.png in Resources */,
				041957D4181A0BE5000BB36B /* icon_play@2x.png in Resources */,
				048DFBC4181ACB1A0040E6DA /* tablecell_bg@2x.png in Resources */,
				04911275181FE978002D90EC /* zbst.xml in Resources */,
				04A920B7181988A700B21752 /* t_video.png in Resources */,
				0491127D181FEB82002D90EC /* zbst-bk@2x.png in Resources */,
				0478E836181B3FBD004BE502 /* 3gxt.xml in Resources */,
				0407B8E7181F3F8C006DA601 /* 3g2.jpg in Resources */,
				048DFBD4181ADB060040E6DA /* icon_strw.png in Resources */,
				0407B8E3181F3F8C006DA601 /* 3g7.jpg in Resources */,
				0491127B181FEB82002D90EC /* zbst-sp@2x.png in Resources */,
				04C6613C181953AE007C1635 /* ibtn2.png in Resources */,
			);
			runOnlyForDeploymentPostprocessing = 0;
		};
		3B0FDEEA1807CEFE007B1C9D /* Resources */ = {
			isa = PBXResourcesBuildPhase;
			buildActionMask = 2147483647;
			files = (
				3B0FDEF81807CEFE007B1C9D /* InfoPlist.strings in Resources */,
			);
			runOnlyForDeploymentPostprocessing = 0;
		};
/* End PBXResourcesBuildPhase section */

/* Begin PBXShellScriptBuildPhase section */
		3D3376B8D6284A87AA44D7D4 /* Check Pods Manifest.lock */ = {
			isa = PBXShellScriptBuildPhase;
			buildActionMask = 2147483647;
			files = (
			);
			inputPaths = (
			);
			name = "Check Pods Manifest.lock";
			outputPaths = (
			);
			runOnlyForDeploymentPostprocessing = 0;
			shellPath = /bin/sh;
			shellScript = "diff \"${PODS_ROOT}/../Podfile.lock\" \"${PODS_ROOT}/Manifest.lock\" > /dev/null\nif [[ $? != 0 ]] ; then\n    cat << EOM\nerror: The sandbox is not in sync with the Podfile.lock. Run 'pod install' or update your CocoaPods installation.\nEOM\n    exit 1\nfi\n";
			showEnvVarsInLog = 0;
		};
		B8E9C9D4CB7C48BFB115D9A2 /* Copy Pods Resources */ = {
			isa = PBXShellScriptBuildPhase;
			buildActionMask = 2147483647;
			files = (
			);
			inputPaths = (
			);
			name = "Copy Pods Resources";
			outputPaths = (
			);
			runOnlyForDeploymentPostprocessing = 0;
			shellPath = /bin/sh;
			shellScript = "\"${SRCROOT}/Pods/Pods-resources.sh\"\n";
			showEnvVarsInLog = 0;
		};
/* End PBXShellScriptBuildPhase section */

/* Begin PBXSourcesBuildPhase section */
		3B0FDECD1807CEFD007B1C9D /* Sources */ = {
			isa = PBXSourcesBuildPhase;
			buildActionMask = 2147483647;
			files = (
				04C660F51819363A007C1635 /* NSString+NimbusCore.m in Sources */,
				04C660F21819363A007C1635 /* NISnapshotRotation.m in Sources */,
				3B638FB7180EC5C500469062 /* TableViewCell.m in Sources */,
				04C660F91819363A007C1635 /* NILauncherViewController.m in Sources */,
				04C660EC1819363A007C1635 /* NINonEmptyCollectionTesting.m in Sources */,
				04C660EE1819363A007C1635 /* NIOperations.m in Sources */,
				04C660E41819363A007C1635 /* NIDeviceOrientation.m in Sources */,
				3B9D91291809A69A0084F9DD /* HomeController.m in Sources */,
				3B9D9123180975B00084F9DD /* BaseNavigationController.m in Sources */,
				3B9D9148180A69CC0084F9DD /* News.m in Sources */,
				04C660E81819363A007C1635 /* NIInMemoryCache.m in Sources */,
				04C660FA1819363A007C1635 /* NILauncherViewModel.m in Sources */,
				3B9D91321809B9330084F9DD /* WebController.m in Sources */,
				3BBAB40B180C2D770088D1DB /* CollectionViewCell.m in Sources */,
				04C660F31819363A007C1635 /* NIState.m in Sources */,
				04C660EA1819363A007C1635 /* NINavigationAppearance.m in Sources */,
				04C660ED1819363A007C1635 /* NINonRetainingCollections.m in Sources */,
				04C660FD1819363A007C1635 /* NIPagingScrollView.m in Sources */,
				04C660F61819363A007C1635 /* NILauncherButtonView.m in Sources */,
				3BBAB411180C359B0088D1DB /* PSCollectionView.m in Sources */,
				3BBAB412180C359B0088D1DB /* PSCollectionViewCell.m in Sources */,
				04C660F41819363A007C1635 /* NIViewRecycler.m in Sources */,
				3B9D9154180AB0FC0084F9DD /* RESTfulEngine.m in Sources */,
				3B9C85E1180E89D900D678DC /* MovieController.m in Sources */,
				04C660F01819363A007C1635 /* NIRuntimeClassModifications.m in Sources */,
				04C660FC1819363A007C1635 /* NIPageView.m in Sources */,
				04C660E21819363A007C1635 /* NIDataStructures.m in Sources */,
				048DFBCD181AD7CC0040E6DA /* Table2ViewCell.m in Sources */,
				04C660F71819363A007C1635 /* NILauncherPageView.m in Sources */,
				04C660FB1819363A007C1635 /* NILauncherViewObject.m in Sources */,
				04C660E11819363A007C1635 /* NICommonMetrics.m in Sources */,
				04C660E71819363A007C1635 /* NIImageUtilities.m in Sources */,
				3B9D9145180A68B80084F9DD /* BaseModel.m in Sources */,
				04C660E61819363A007C1635 /* NIFoundationMethods.m in Sources */,
				3B0FDEE51807CEFE007B1C9D /* AppDelegate.m in Sources */,
				04C660F81819363A007C1635 /* NILauncherView.m in Sources */,
				3B9D9151180A739D0084F9DD /* ScrollPageView.m in Sources */,
				04C660E91819363A007C1635 /* NIInvocationMethods.m in Sources */,
				04C660DF1819363A007C1635 /* NIActions.m in Sources */,
				048DFBCA181AD7990040E6DA /* Table2Controller.m in Sources */,
				04C660E31819363A007C1635 /* NIDebuggingTools.m in Sources */,
				04C660EB1819363A007C1635 /* NINetworkActivity.m in Sources */,
				3B638FB4180EC30B00469062 /* TableController.m in Sources */,
				049112B01820038C002D90EC /* VideoController.m in Sources */,
				04C660E51819363A007C1635 /* NIError.m in Sources */,
				3BBAB418180C48F50088D1DB /* CollectionController.m in Sources */,
				3B9D9125180975B00084F9DD /* BaseTableViewController.m in Sources */,
				04C660E01819363A007C1635 /* NIButtonUtilities.m in Sources */,
				04C660F11819363A007C1635 /* NISDKAvailability.m in Sources */,
				3B9D9126180975B00084F9DD /* BaseViewController.m in Sources */,
				3B0FDEE11807CEFE007B1C9D /* main.m in Sources */,
				04C660EF1819363A007C1635 /* NIPaths.m in Sources */,
			);
			runOnlyForDeploymentPostprocessing = 0;
		};
		3B0FDEE81807CEFE007B1C9D /* Sources */ = {
			isa = PBXSourcesBuildPhase;
			buildActionMask = 2147483647;
			files = (
				3B0FDEFA1807CEFE007B1C9D /* ExquisiteSTTests.m in Sources */,
			);
			runOnlyForDeploymentPostprocessing = 0;
		};
/* End PBXSourcesBuildPhase section */

/* Begin PBXTargetDependency section */
		3B0FDEF21807CEFE007B1C9D /* PBXTargetDependency */ = {
			isa = PBXTargetDependency;
			target = 3B0FDED01807CEFD007B1C9D /* ExquisiteST */;
			targetProxy = 3B0FDEF11807CEFE007B1C9D /* PBXContainerItemProxy */;
		};
/* End PBXTargetDependency section */

/* Begin PBXVariantGroup section */
		049112B318201FFF002D90EC /* Localizable.strings */ = {
			isa = PBXVariantGroup;
			children = (
				049112B218201FFF002D90EC /* en */,
				049112B51820928B002D90EC /* zh-Hans */,
			);
			name = Localizable.strings;
			sourceTree = "<group>";
		};
		3B0FDEDD1807CEFE007B1C9D /* InfoPlist.strings */ = {
			isa = PBXVariantGroup;
			children = (
				3B0FDEDE1807CEFE007B1C9D /* en */,
				049112B41820928B002D90EC /* zh-Hans */,
			);
			name = InfoPlist.strings;
			sourceTree = "<group>";
		};
		3B0FDEF61807CEFE007B1C9D /* InfoPlist.strings */ = {
			isa = PBXVariantGroup;
			children = (
				3B0FDEF71807CEFE007B1C9D /* en */,
				049112B61820928B002D90EC /* zh-Hans */,
			);
			name = InfoPlist.strings;
			sourceTree = "<group>";
		};
/* End PBXVariantGroup section */

/* Begin XCBuildConfiguration section */
		3B0FDEFB1807CEFE007B1C9D /* Debug */ = {
			isa = XCBuildConfiguration;
			buildSettings = {
				ALWAYS_SEARCH_USER_PATHS = NO;
				ARCHS = "$(ARCHS_STANDARD_INCLUDING_64_BIT)";
				CLANG_CXX_LANGUAGE_STANDARD = "gnu++0x";
				CLANG_CXX_LIBRARY = "libc++";
				CLANG_ENABLE_MODULES = YES;
				CLANG_ENABLE_OBJC_ARC = YES;
				CLANG_WARN_BOOL_CONVERSION = YES;
				CLANG_WARN_CONSTANT_CONVERSION = YES;
				CLANG_WARN_DIRECT_OBJC_ISA_USAGE = YES_ERROR;
				CLANG_WARN_EMPTY_BODY = YES;
				CLANG_WARN_ENUM_CONVERSION = YES;
				CLANG_WARN_INT_CONVERSION = YES;
				CLANG_WARN_OBJC_ROOT_CLASS = YES_ERROR;
				CLANG_WARN__DUPLICATE_METHOD_MATCH = YES;
				"CODE_SIGN_IDENTITY[sdk=iphoneos*]" = "iPhone Developer";
				COPY_PHASE_STRIP = NO;
				GCC_C_LANGUAGE_STANDARD = gnu99;
				GCC_DYNAMIC_NO_PIC = NO;
				GCC_OPTIMIZATION_LEVEL = 0;
				GCC_PREPROCESSOR_DEFINITIONS = (
					"DEBUG=1",
					"$(inherited)",
				);
				GCC_SYMBOLS_PRIVATE_EXTERN = NO;
				GCC_WARN_64_TO_32_BIT_CONVERSION = YES;
				GCC_WARN_ABOUT_RETURN_TYPE = YES_ERROR;
				GCC_WARN_UNDECLARED_SELECTOR = YES;
				GCC_WARN_UNINITIALIZED_AUTOS = YES;
				GCC_WARN_UNUSED_FUNCTION = YES;
				GCC_WARN_UNUSED_VARIABLE = YES;
				IPHONEOS_DEPLOYMENT_TARGET = 7.0;
				ONLY_ACTIVE_ARCH = YES;
				SDKROOT = iphoneos;
			};
			name = Debug;
		};
		3B0FDEFC1807CEFE007B1C9D /* Release */ = {
			isa = XCBuildConfiguration;
			buildSettings = {
				ALWAYS_SEARCH_USER_PATHS = NO;
				ARCHS = "$(ARCHS_STANDARD_INCLUDING_64_BIT)";
				CLANG_CXX_LANGUAGE_STANDARD = "gnu++0x";
				CLANG_CXX_LIBRARY = "libc++";
				CLANG_ENABLE_MODULES = YES;
				CLANG_ENABLE_OBJC_ARC = YES;
				CLANG_WARN_BOOL_CONVERSION = YES;
				CLANG_WARN_CONSTANT_CONVERSION = YES;
				CLANG_WARN_DIRECT_OBJC_ISA_USAGE = YES_ERROR;
				CLANG_WARN_EMPTY_BODY = YES;
				CLANG_WARN_ENUM_CONVERSION = YES;
				CLANG_WARN_INT_CONVERSION = YES;
				CLANG_WARN_OBJC_ROOT_CLASS = YES_ERROR;
				CLANG_WARN__DUPLICATE_METHOD_MATCH = YES;
				"CODE_SIGN_IDENTITY[sdk=iphoneos*]" = "iPhone Developer";
				COPY_PHASE_STRIP = YES;
				ENABLE_NS_ASSERTIONS = NO;
				GCC_C_LANGUAGE_STANDARD = gnu99;
				GCC_WARN_64_TO_32_BIT_CONVERSION = YES;
				GCC_WARN_ABOUT_RETURN_TYPE = YES_ERROR;
				GCC_WARN_UNDECLARED_SELECTOR = YES;
				GCC_WARN_UNINITIALIZED_AUTOS = YES;
				GCC_WARN_UNUSED_FUNCTION = YES;
				GCC_WARN_UNUSED_VARIABLE = YES;
				IPHONEOS_DEPLOYMENT_TARGET = 7.0;
				SDKROOT = iphoneos;
				VALIDATE_PRODUCT = YES;
			};
			name = Release;
		};
		3B0FDEFE1807CEFE007B1C9D /* Debug */ = {
			isa = XCBuildConfiguration;
			baseConfigurationReference = B7C58F260BAC4CA2A7CA3626 /* Pods.xcconfig */;
			buildSettings = {
				ASSETCATALOG_COMPILER_APPICON_NAME = AppIcon;
				ASSETCATALOG_COMPILER_LAUNCHIMAGE_NAME = LaunchImage;
				CODE_SIGN_IDENTITY = "iPhone Developer";
				"CODE_SIGN_IDENTITY[sdk=iphoneos*]" = "iPhone Developer";
				GCC_PRECOMPILE_PREFIX_HEADER = YES;
				GCC_PREFIX_HEADER = "ExquisiteST/ExquisiteST-Prefix.pch";
				HEADER_SEARCH_PATHS = (
					"\"${PODS_ROOT}/Headers\"",
					"\"${PODS_ROOT}/Headers/MKNetworkKit\"",
					"\"${PODS_ROOT}/Headers/MKNetworkKit/Categories\"",
					"\"${PODS_ROOT}/Headers/Reachability\"",
					"\"${PODS_ROOT}/Headers/SDWebImage\"",
					"\"${PODS_ROOT}/Headers/SVProgressHUD\"",
					"\"${PODS_ROOT}/Headers/XMLDictionary\"",
				);
				INFOPLIST_FILE = "ExquisiteST/ExquisiteST-Info.plist";
				IPHONEOS_DEPLOYMENT_TARGET = 5.1.1;
				PRODUCT_NAME = "$(TARGET_NAME)";
				PROVISIONING_PROFILE = "E8966295-1599-4379-A0F3-5115C3F396B9";
				SDKROOT = iphoneos;
				USER_HEADER_SEARCH_PATHS = "";
				WRAPPER_EXTENSION = app;
			};
			name = Debug;
		};
		3B0FDEFF1807CEFE007B1C9D /* Release */ = {
			isa = XCBuildConfiguration;
			baseConfigurationReference = B7C58F260BAC4CA2A7CA3626 /* Pods.xcconfig */;
			buildSettings = {
				ASSETCATALOG_COMPILER_APPICON_NAME = AppIcon;
				ASSETCATALOG_COMPILER_LAUNCHIMAGE_NAME = LaunchImage;
				CODE_SIGN_IDENTITY = "iPhone Distribution: JINKAI CHEN (44X3KQ6SG2)";
				"CODE_SIGN_IDENTITY[sdk=iphoneos*]" = "iPhone Distribution: JINKAI CHEN (44X3KQ6SG2)";
				GCC_PRECOMPILE_PREFIX_HEADER = YES;
				GCC_PREFIX_HEADER = "ExquisiteST/ExquisiteST-Prefix.pch";
				HEADER_SEARCH_PATHS = (
					"\"${PODS_ROOT}/Headers\"",
					"\"${PODS_ROOT}/Headers/MKNetworkKit\"",
					"\"${PODS_ROOT}/Headers/MKNetworkKit/Categories\"",
					"\"${PODS_ROOT}/Headers/Reachability\"",
					"\"${PODS_ROOT}/Headers/SDWebImage\"",
					"\"${PODS_ROOT}/Headers/SVProgressHUD\"",
					"\"${PODS_ROOT}/Headers/XMLDictionary\"",
				);
				INFOPLIST_FILE = "ExquisiteST/ExquisiteST-Info.plist";
				IPHONEOS_DEPLOYMENT_TARGET = 5.1.1;
				PRODUCT_NAME = "$(TARGET_NAME)";
				PROVISIONING_PROFILE = "E8966295-1599-4379-A0F3-5115C3F396B9";
				SDKROOT = iphoneos;
				USER_HEADER_SEARCH_PATHS = "";
				WRAPPER_EXTENSION = app;
			};
			name = Release;
		};
		3B0FDF011807CEFE007B1C9D /* Debug */ = {
			isa = XCBuildConfiguration;
			buildSettings = {
				ARCHS = "$(ARCHS_STANDARD_INCLUDING_64_BIT)";
				BUNDLE_LOADER = "$(BUILT_PRODUCTS_DIR)/ExquisiteST.app/ExquisiteST";
				FRAMEWORK_SEARCH_PATHS = (
					"$(SDKROOT)/Developer/Library/Frameworks",
					"$(inherited)",
					"$(DEVELOPER_FRAMEWORKS_DIR)",
				);
				GCC_PRECOMPILE_PREFIX_HEADER = YES;
				GCC_PREFIX_HEADER = "ExquisiteST/ExquisiteST-Prefix.pch";
				GCC_PREPROCESSOR_DEFINITIONS = (
					"DEBUG=1",
					"$(inherited)",
				);
				INFOPLIST_FILE = "ExquisiteSTTests/ExquisiteSTTests-Info.plist";
				PRODUCT_NAME = "$(TARGET_NAME)";
				TEST_HOST = "$(BUNDLE_LOADER)";
				WRAPPER_EXTENSION = xctest;
			};
			name = Debug;
		};
		3B0FDF021807CEFE007B1C9D /* Release */ = {
			isa = XCBuildConfiguration;
			buildSettings = {
				ARCHS = "$(ARCHS_STANDARD_INCLUDING_64_BIT)";
				BUNDLE_LOADER = "$(BUILT_PRODUCTS_DIR)/ExquisiteST.app/ExquisiteST";
				FRAMEWORK_SEARCH_PATHS = (
					"$(SDKROOT)/Developer/Library/Frameworks",
					"$(inherited)",
					"$(DEVELOPER_FRAMEWORKS_DIR)",
				);
				GCC_PRECOMPILE_PREFIX_HEADER = YES;
				GCC_PREFIX_HEADER = "ExquisiteST/ExquisiteST-Prefix.pch";
				INFOPLIST_FILE = "ExquisiteSTTests/ExquisiteSTTests-Info.plist";
				PRODUCT_NAME = "$(TARGET_NAME)";
				TEST_HOST = "$(BUNDLE_LOADER)";
				WRAPPER_EXTENSION = xctest;
			};
			name = Release;
		};
/* End XCBuildConfiguration section */

/* Begin XCConfigurationList section */
		3B0FDECC1807CEFD007B1C9D /* Build configuration list for PBXProject "ExquisiteST" */ = {
			isa = XCConfigurationList;
			buildConfigurations = (
				3B0FDEFB1807CEFE007B1C9D /* Debug */,
				3B0FDEFC1807CEFE007B1C9D /* Release */,
			);
			defaultConfigurationIsVisible = 0;
			defaultConfigurationName = Release;
		};
		3B0FDEFD1807CEFE007B1C9D /* Build configuration list for PBXNativeTarget "ExquisiteST" */ = {
			isa = XCConfigurationList;
			buildConfigurations = (
				3B0FDEFE1807CEFE007B1C9D /* Debug */,
				3B0FDEFF1807CEFE007B1C9D /* Release */,
			);
			defaultConfigurationIsVisible = 0;
			defaultConfigurationName = Release;
		};
		3B0FDF001807CEFE007B1C9D /* Build configuration list for PBXNativeTarget "ExquisiteSTTests" */ = {
			isa = XCConfigurationList;
			buildConfigurations = (
				3B0FDF011807CEFE007B1C9D /* Debug */,
				3B0FDF021807CEFE007B1C9D /* Release */,
			);
			defaultConfigurationIsVisible = 0;
			defaultConfigurationName = Release;
		};
/* End XCConfigurationList section */
	};
	rootObject = 3B0FDEC91807CEFD007B1C9D /* Project object */;
}
