PODS:
  - MKNetworkKit (0.87):
    - Reachability (~> 3.1.0)
  - Reachability (3.1.1)
  - SDWebImage (3.5):
    - SDWebImage/Core
  - SDWebImage/Core (3.5)
  - SVProgressHUD (1.0)
  - SVPullToRefresh (0.4.1)
  - XMLDictionary (1.3)

DEPENDENCIES:
  - MKNetworkKit (= 0.87)
  - SDWebImage (= 3.5)
  - SVProgressHUD (= 1.0)
  - SVPullToRefresh (= 0.4.1)
  - XMLDictionary (= 1.3)

SPEC CHECKSUMS:
  MKNetworkKit: f174100f92473012138b6b1c3040266af8d43a14
  Reachability: be4883bb93f31e38266ae3365e5600a317aae735
  SDWebImage: f1a72472f8a2d54445f1fedafe2090593d9caf7f
  SVProgressHUD: 5e10939a296debf5fe5a5895eda9539b8b2114f1
  SVPullToRefresh: 61a0e4bd12bd6f8e3465909810b0fbeb1a28d5f2
  XMLDictionary: 27390d3517062694ccb307a7750250e1b687571d

COCOAPODS: 0.32.1
